// !$*UTF8*$!
{
	archiveVersion = 1;
	classes = {
	};
	objectVersion = 42;
	objects = {

/* Begin PBXBuildFile section */
		998776E31539F6E300F91ACC /* AudioHeader.cpp in Sources */ = {isa = PBXBuildFile; fileRef = 9987769C1539F6E200F91ACC /* AudioHeader.cpp */; };
		998776E41539F6E300F91ACC /* VideoHeader.cpp in Sources */ = {isa = PBXBuildFile; fileRef = 9987769E1539F6E200F91ACC /* VideoHeader.cpp */; };
		998776E51539F6E300F91ACC /* AudioBuffer.cpp in Sources */ = {isa = PBXBuildFile; fileRef = 998776A11539F6E200F91ACC /* AudioBuffer.cpp */; };
		998776E61539F6E300F91ACC /* Buffer.cpp in Sources */ = {isa = PBXBuildFile; fileRef = 998776A31539F6E200F91ACC /* Buffer.cpp */; };
		998776E71539F6E300F91ACC /* VideoBuffer.cpp in Sources */ = {isa = PBXBuildFile; fileRef = 998776A51539F6E200F91ACC /* VideoBuffer.cpp */; };
		998776E81539F6E300F91ACC /* VideoFilter.cpp in Sources */ = {isa = PBXBuildFile; fileRef = 998776A81539F6E200F91ACC /* VideoFilter.cpp */; };
		998776E91539F6E300F91ACC /* AudioFrame.cpp in Sources */ = {isa = PBXBuildFile; fileRef = 998776AB1539F6E200F91ACC /* AudioFrame.cpp */; };
		998776EA1539F6E300F91ACC /* Frame.cpp in Sources */ = {isa = PBXBuildFile; fileRef = 998776B01539F6E200F91ACC /* Frame.cpp */; };
		998776EB1539F6E300F91ACC /* VideoFrame.cpp in Sources */ = {isa = PBXBuildFile; fileRef = 998776B21539F6E200F91ACC /* VideoFrame.cpp */; };
		998776EC1539F6E300F91ACC /* AudioGrabber.cpp in Sources */ = {isa = PBXBuildFile; fileRef = 998776B51539F6E200F91ACC /* AudioGrabber.cpp */; };
		998776ED1539F6E300F91ACC /* FileGrabber.cpp in Sources */ = {isa = PBXBuildFile; fileRef = 998776B71539F6E200F91ACC /* FileGrabber.cpp */; };
		998776EE1539F6E300F91ACC /* VideoGrabber.cpp in Sources */ = {isa = PBXBuildFile; fileRef = 998776B91539F6E200F91ACC /* VideoGrabber.cpp */; };
		998776EF1539F6E300F91ACC /* ofxOscEventsReceiver.cpp in Sources */ = {isa = PBXBuildFile; fileRef = 998776BC1539F6E200F91ACC /* ofxOscEventsReceiver.cpp */; };
		998776F01539F6E300F91ACC /* OscInterface.cpp in Sources */ = {isa = PBXBuildFile; fileRef = 998776C01539F6E200F91ACC /* OscInterface.cpp */; };
		998776F11539F6E300F91ACC /* AudioSink.cpp in Sources */ = {isa = PBXBuildFile; fileRef = 998776C31539F6E200F91ACC /* AudioSink.cpp */; };
		998776F21539F6E300F91ACC /* AudioSource.cpp in Sources */ = {isa = PBXBuildFile; fileRef = 998776C51539F6E200F91ACC /* AudioSource.cpp */; };
		998776F31539F6E300F91ACC /* VideoSink.cpp in Sources */ = {isa = PBXBuildFile; fileRef = 998776C81539F6E200F91ACC /* VideoSink.cpp */; };
		998776F41539F6E300F91ACC /* VideoSource.cpp in Sources */ = {isa = PBXBuildFile; fileRef = 998776CA1539F6E200F91ACC /* VideoSource.cpp */; };
		998776F51539F6E300F91ACC /* AudioRenderer.cpp in Sources */ = {isa = PBXBuildFile; fileRef = 998776CE1539F6E200F91ACC /* AudioRenderer.cpp */; };
		998776F61539F6E300F91ACC /* BasicVideoRenderer.cpp in Sources */ = {isa = PBXBuildFile; fileRef = 998776D01539F6E200F91ACC /* BasicVideoRenderer.cpp */; };
		998776F71539F6E300F91ACC /* VideoRenderer.cpp in Sources */ = {isa = PBXBuildFile; fileRef = 998776D21539F6E200F91ACC /* VideoRenderer.cpp */; };
		998776F81539F6E300F91ACC /* ofxObjCPointer.cpp in Sources */ = {isa = PBXBuildFile; fileRef = 998776D51539F6E200F91ACC /* ofxObjCPointer.cpp */; };
		B858903C1538E48B0086C26D /* ofxEasing.cpp in Sources */ = {isa = PBXBuildFile; fileRef = B85890221538E48B0086C26D /* ofxEasing.cpp */; };
		B858903D1538E48B0086C26D /* ofxEasingBack.cpp in Sources */ = {isa = PBXBuildFile; fileRef = B85890241538E48B0086C26D /* ofxEasingBack.cpp */; };
		B858903E1538E48B0086C26D /* ofxEasingBounce.cpp in Sources */ = {isa = PBXBuildFile; fileRef = B85890261538E48B0086C26D /* ofxEasingBounce.cpp */; };
		B858903F1538E48B0086C26D /* ofxEasingCirc.cpp in Sources */ = {isa = PBXBuildFile; fileRef = B85890281538E48B0086C26D /* ofxEasingCirc.cpp */; };
		B85890401538E48B0086C26D /* ofxEasingCubic.cpp in Sources */ = {isa = PBXBuildFile; fileRef = B858902A1538E48B0086C26D /* ofxEasingCubic.cpp */; };
		B85890411538E48B0086C26D /* ofxEasingElastic.cpp in Sources */ = {isa = PBXBuildFile; fileRef = B858902C1538E48B0086C26D /* ofxEasingElastic.cpp */; };
		B85890421538E48B0086C26D /* ofxEasingExpo.cpp in Sources */ = {isa = PBXBuildFile; fileRef = B858902E1538E48B0086C26D /* ofxEasingExpo.cpp */; };
		B85890431538E48B0086C26D /* ofxEasingLinear.cpp in Sources */ = {isa = PBXBuildFile; fileRef = B85890301538E48B0086C26D /* ofxEasingLinear.cpp */; };
		B85890441538E48B0086C26D /* ofxEasingQuad.cpp in Sources */ = {isa = PBXBuildFile; fileRef = B85890321538E48B0086C26D /* ofxEasingQuad.cpp */; };
		B85890451538E48B0086C26D /* ofxEasingQuart.cpp in Sources */ = {isa = PBXBuildFile; fileRef = B85890341538E48B0086C26D /* ofxEasingQuart.cpp */; };
		B85890461538E48B0086C26D /* ofxEasingQuint.cpp in Sources */ = {isa = PBXBuildFile; fileRef = B85890361538E48B0086C26D /* ofxEasingQuint.cpp */; };
		B85890471538E48B0086C26D /* ofxEasingSine.cpp in Sources */ = {isa = PBXBuildFile; fileRef = B85890381538E48B0086C26D /* ofxEasingSine.cpp */; };
		B85890481538E48B0086C26D /* ofxTween.cpp in Sources */ = {isa = PBXBuildFile; fileRef = B858903A1538E48B0086C26D /* ofxTween.cpp */; };
		B8FA672D1520ECFA006D00D6 /* liboscpack.a in Frameworks */ = {isa = PBXBuildFile; fileRef = B8FA67131520ECFA006D00D6 /* liboscpack.a */; };
		B8FA672E1520ECFA006D00D6 /* liboscpack.a in Frameworks */ = {isa = PBXBuildFile; fileRef = B8FA67141520ECFA006D00D6 /* liboscpack.a */; };
		B8FA672F1520ECFA006D00D6 /* osc.a in Frameworks */ = {isa = PBXBuildFile; fileRef = B8FA67161520ECFA006D00D6 /* osc.a */; };
		B8FA67301520ECFA006D00D6 /* liboscpack.a in Frameworks */ = {isa = PBXBuildFile; fileRef = B8FA67181520ECFA006D00D6 /* liboscpack.a */; };
		B8FA67311520ECFB006D00D6 /* liboscpack.a in Frameworks */ = {isa = PBXBuildFile; fileRef = B8FA671A1520ECFA006D00D6 /* liboscpack.a */; };
		B8FA67321520ECFB006D00D6 /* osc.a in Frameworks */ = {isa = PBXBuildFile; fileRef = B8FA671C1520ECFA006D00D6 /* osc.a */; };
		B8FA67331520ECFB006D00D6 /* oscpack.lib in Frameworks */ = {isa = PBXBuildFile; fileRef = B8FA671E1520ECFA006D00D6 /* oscpack.lib */; };
		B8FA67341520ECFB006D00D6 /* oscpackd.lib in Frameworks */ = {isa = PBXBuildFile; fileRef = B8FA671F1520ECFA006D00D6 /* oscpackd.lib */; };
		B8FA67351520ECFB006D00D6 /* oscpack.a in Frameworks */ = {isa = PBXBuildFile; fileRef = B8FA67211520ECFA006D00D6 /* oscpack.a */; };
		B8FA67361520ECFB006D00D6 /* ofxOscBundle.cpp in Sources */ = {isa = PBXBuildFile; fileRef = B8FA67251520ECFA006D00D6 /* ofxOscBundle.cpp */; };
		B8FA67371520ECFB006D00D6 /* ofxOscMessage.cpp in Sources */ = {isa = PBXBuildFile; fileRef = B8FA67271520ECFA006D00D6 /* ofxOscMessage.cpp */; };
		B8FA67381520ECFB006D00D6 /* ofxOscReceiver.cpp in Sources */ = {isa = PBXBuildFile; fileRef = B8FA67291520ECFA006D00D6 /* ofxOscReceiver.cpp */; };
		B8FA67391520ECFB006D00D6 /* ofxOscSender.cpp in Sources */ = {isa = PBXBuildFile; fileRef = B8FA672B1520ECFA006D00D6 /* ofxOscSender.cpp */; };
		BBAB23CB13894F3D00AA2426 /* GLUT.framework in CopyFiles */ = {isa = PBXBuildFile; fileRef = BBAB23BE13894E4700AA2426 /* GLUT.framework */; };
		E4328149138ABC9F0047C5CB /* openFrameworksDebug.a in Frameworks */ = {isa = PBXBuildFile; fileRef = E4328148138ABC890047C5CB /* openFrameworksDebug.a */; };
		E45BE97B0E8CC7DD009D7055 /* AGL.framework in Frameworks */ = {isa = PBXBuildFile; fileRef = E45BE9710E8CC7DD009D7055 /* AGL.framework */; };
		E45BE97C0E8CC7DD009D7055 /* ApplicationServices.framework in Frameworks */ = {isa = PBXBuildFile; fileRef = E45BE9720E8CC7DD009D7055 /* ApplicationServices.framework */; };
		E45BE97D0E8CC7DD009D7055 /* AudioToolbox.framework in Frameworks */ = {isa = PBXBuildFile; fileRef = E45BE9730E8CC7DD009D7055 /* AudioToolbox.framework */; };
		E45BE97E0E8CC7DD009D7055 /* Carbon.framework in Frameworks */ = {isa = PBXBuildFile; fileRef = E45BE9740E8CC7DD009D7055 /* Carbon.framework */; };
		E45BE97F0E8CC7DD009D7055 /* CoreAudio.framework in Frameworks */ = {isa = PBXBuildFile; fileRef = E45BE9750E8CC7DD009D7055 /* CoreAudio.framework */; };
		E45BE9800E8CC7DD009D7055 /* CoreFoundation.framework in Frameworks */ = {isa = PBXBuildFile; fileRef = E45BE9760E8CC7DD009D7055 /* CoreFoundation.framework */; };
		E45BE9810E8CC7DD009D7055 /* CoreServices.framework in Frameworks */ = {isa = PBXBuildFile; fileRef = E45BE9770E8CC7DD009D7055 /* CoreServices.framework */; };
		E45BE9830E8CC7DD009D7055 /* OpenGL.framework in Frameworks */ = {isa = PBXBuildFile; fileRef = E45BE9790E8CC7DD009D7055 /* OpenGL.framework */; };
		E45BE9840E8CC7DD009D7055 /* QuickTime.framework in Frameworks */ = {isa = PBXBuildFile; fileRef = E45BE97A0E8CC7DD009D7055 /* QuickTime.framework */; };
		E4B69E200A3A1BDC003C02F2 /* main.cpp in Sources */ = {isa = PBXBuildFile; fileRef = E4B69E1D0A3A1BDC003C02F2 /* main.cpp */; };
		E4B69E210A3A1BDC003C02F2 /* testApp.cpp in Sources */ = {isa = PBXBuildFile; fileRef = E4B69E1E0A3A1BDC003C02F2 /* testApp.cpp */; };
		E4C2424710CC5A17004149E2 /* AppKit.framework in Frameworks */ = {isa = PBXBuildFile; fileRef = E4C2424410CC5A17004149E2 /* AppKit.framework */; };
		E4C2424810CC5A17004149E2 /* Cocoa.framework in Frameworks */ = {isa = PBXBuildFile; fileRef = E4C2424510CC5A17004149E2 /* Cocoa.framework */; };
		E4C2424910CC5A17004149E2 /* IOKit.framework in Frameworks */ = {isa = PBXBuildFile; fileRef = E4C2424610CC5A17004149E2 /* IOKit.framework */; };
		E4EB6799138ADC1D00A09F29 /* GLUT.framework in Frameworks */ = {isa = PBXBuildFile; fileRef = BBAB23BE13894E4700AA2426 /* GLUT.framework */; };
/* End PBXBuildFile section */

/* Begin PBXContainerItemProxy section */
		E4328147138ABC890047C5CB /* PBXContainerItemProxy */ = {
			isa = PBXContainerItemProxy;
			containerPortal = E4328143138ABC890047C5CB /* openFrameworksLib.xcodeproj */;
			proxyType = 2;
			remoteGlobalIDString = E4B27C1510CBEB8E00536013;
			remoteInfo = openFrameworks;
		};
		E4EEB9AB138B136A00A80321 /* PBXContainerItemProxy */ = {
			isa = PBXContainerItemProxy;
			containerPortal = E4328143138ABC890047C5CB /* openFrameworksLib.xcodeproj */;
			proxyType = 1;
			remoteGlobalIDString = E4B27C1410CBEB8E00536013;
			remoteInfo = openFrameworks;
		};
/* End PBXContainerItemProxy section */

/* Begin PBXCopyFilesBuildPhase section */
		E4C2427710CC5ABF004149E2 /* CopyFiles */ = {
			isa = PBXCopyFilesBuildPhase;
			buildActionMask = 2147483647;
			dstPath = "";
			dstSubfolderSpec = 10;
			files = (
				BBAB23CB13894F3D00AA2426 /* GLUT.framework in CopyFiles */,
			);
			runOnlyForDeploymentPostprocessing = 0;
		};
/* End PBXCopyFilesBuildPhase section */

/* Begin PBXFileReference section */
		9987769C1539F6E200F91ACC /* AudioHeader.cpp */ = {isa = PBXFileReference; explicitFileType = sourcecode.cpp.cpp; fileEncoding = 30; name = AudioHeader.cpp; path = "../../..//addons/ofxPlaymodes/src/AVHeaders/AudioHeader.cpp"; sourceTree = SOURCE_ROOT; };
		9987769D1539F6E200F91ACC /* AudioHeader.h */ = {isa = PBXFileReference; explicitFileType = sourcecode.c.h; fileEncoding = 30; name = AudioHeader.h; path = "../../..//addons/ofxPlaymodes/src/AVHeaders/AudioHeader.h"; sourceTree = SOURCE_ROOT; };
		9987769E1539F6E200F91ACC /* VideoHeader.cpp */ = {isa = PBXFileReference; explicitFileType = sourcecode.cpp.cpp; fileEncoding = 30; name = VideoHeader.cpp; path = "../../..//addons/ofxPlaymodes/src/AVHeaders/VideoHeader.cpp"; sourceTree = SOURCE_ROOT; };
		9987769F1539F6E200F91ACC /* VideoHeader.h */ = {isa = PBXFileReference; explicitFileType = sourcecode.c.h; fileEncoding = 30; name = VideoHeader.h; path = "../../..//addons/ofxPlaymodes/src/AVHeaders/VideoHeader.h"; sourceTree = SOURCE_ROOT; };
		998776A11539F6E200F91ACC /* AudioBuffer.cpp */ = {isa = PBXFileReference; explicitFileType = sourcecode.cpp.cpp; fileEncoding = 30; name = AudioBuffer.cpp; path = "../../..//addons/ofxPlaymodes/src/buffers/AudioBuffer.cpp"; sourceTree = SOURCE_ROOT; };
		998776A21539F6E200F91ACC /* AudioBuffer.h */ = {isa = PBXFileReference; explicitFileType = sourcecode.c.h; fileEncoding = 30; name = AudioBuffer.h; path = "../../..//addons/ofxPlaymodes/src/buffers/AudioBuffer.h"; sourceTree = SOURCE_ROOT; };
		998776A31539F6E200F91ACC /* Buffer.cpp */ = {isa = PBXFileReference; explicitFileType = sourcecode.cpp.cpp; fileEncoding = 30; name = Buffer.cpp; path = "../../..//addons/ofxPlaymodes/src/buffers/Buffer.cpp"; sourceTree = SOURCE_ROOT; };
		998776A41539F6E200F91ACC /* Buffer.h */ = {isa = PBXFileReference; explicitFileType = sourcecode.c.h; fileEncoding = 30; name = Buffer.h; path = "../../..//addons/ofxPlaymodes/src/buffers/Buffer.h"; sourceTree = SOURCE_ROOT; };
		998776A51539F6E200F91ACC /* VideoBuffer.cpp */ = {isa = PBXFileReference; explicitFileType = sourcecode.cpp.cpp; fileEncoding = 30; name = VideoBuffer.cpp; path = "../../..//addons/ofxPlaymodes/src/buffers/VideoBuffer.cpp"; sourceTree = SOURCE_ROOT; };
		998776A61539F6E200F91ACC /* VideoBuffer.h */ = {isa = PBXFileReference; explicitFileType = sourcecode.c.h; fileEncoding = 30; name = VideoBuffer.h; path = "../../..//addons/ofxPlaymodes/src/buffers/VideoBuffer.h"; sourceTree = SOURCE_ROOT; };
		998776A81539F6E200F91ACC /* VideoFilter.cpp */ = {isa = PBXFileReference; explicitFileType = sourcecode.cpp.cpp; fileEncoding = 30; name = VideoFilter.cpp; path = "../../..//addons/ofxPlaymodes/src/filters/VideoFilter.cpp"; sourceTree = SOURCE_ROOT; };
		998776A91539F6E200F91ACC /* VideoFilter.h */ = {isa = PBXFileReference; explicitFileType = sourcecode.c.h; fileEncoding = 30; name = VideoFilter.h; path = "../../..//addons/ofxPlaymodes/src/filters/VideoFilter.h"; sourceTree = SOURCE_ROOT; };
		998776AB1539F6E200F91ACC /* AudioFrame.cpp */ = {isa = PBXFileReference; explicitFileType = sourcecode.cpp.cpp; fileEncoding = 30; name = AudioFrame.cpp; path = "../../..//addons/ofxPlaymodes/src/frames/AudioFrame.cpp"; sourceTree = SOURCE_ROOT; };
		998776AC1539F6E200F91ACC /* AudioFrame.h */ = {isa = PBXFileReference; explicitFileType = sourcecode.c.h; fileEncoding = 30; name = AudioFrame.h; path = "../../..//addons/ofxPlaymodes/src/frames/AudioFrame.h"; sourceTree = SOURCE_ROOT; };
		998776AD1539F6E200F91ACC /* BaseEnvelope.h */ = {isa = PBXFileReference; explicitFileType = sourcecode.c.h; fileEncoding = 30; name = BaseEnvelope.h; path = "../../..//addons/ofxPlaymodes/src/frames/envelopes/BaseEnvelope.h"; sourceTree = SOURCE_ROOT; };
		998776AE1539F6E200F91ACC /* RaisedCosineBellEnvelope.h */ = {isa = PBXFileReference; explicitFileType = sourcecode.c.h; fileEncoding = 30; name = RaisedCosineBellEnvelope.h; path = "../../..//addons/ofxPlaymodes/src/frames/envelopes/RaisedCosineBellEnvelope.h"; sourceTree = SOURCE_ROOT; };
		998776B01539F6E200F91ACC /* Frame.cpp */ = {isa = PBXFileReference; explicitFileType = sourcecode.cpp.cpp; fileEncoding = 30; name = Frame.cpp; path = "../../..//addons/ofxPlaymodes/src/frames/Frame.cpp"; sourceTree = SOURCE_ROOT; };
		998776B11539F6E200F91ACC /* Frame.h */ = {isa = PBXFileReference; explicitFileType = sourcecode.c.h; fileEncoding = 30; name = Frame.h; path = "../../..//addons/ofxPlaymodes/src/frames/Frame.h"; sourceTree = SOURCE_ROOT; };
		998776B21539F6E200F91ACC /* VideoFrame.cpp */ = {isa = PBXFileReference; explicitFileType = sourcecode.cpp.cpp; fileEncoding = 30; name = VideoFrame.cpp; path = "../../..//addons/ofxPlaymodes/src/frames/VideoFrame.cpp"; sourceTree = SOURCE_ROOT; };
		998776B31539F6E200F91ACC /* VideoFrame.h */ = {isa = PBXFileReference; explicitFileType = sourcecode.c.h; fileEncoding = 30; name = VideoFrame.h; path = "../../..//addons/ofxPlaymodes/src/frames/VideoFrame.h"; sourceTree = SOURCE_ROOT; };
		998776B51539F6E200F91ACC /* AudioGrabber.cpp */ = {isa = PBXFileReference; explicitFileType = sourcecode.cpp.cpp; fileEncoding = 30; name = AudioGrabber.cpp; path = "../../..//addons/ofxPlaymodes/src/grabbers/AudioGrabber.cpp"; sourceTree = SOURCE_ROOT; };
		998776B61539F6E200F91ACC /* AudioGrabber.h */ = {isa = PBXFileReference; explicitFileType = sourcecode.c.h; fileEncoding = 30; name = AudioGrabber.h; path = "../../..//addons/ofxPlaymodes/src/grabbers/AudioGrabber.h"; sourceTree = SOURCE_ROOT; };
		998776B71539F6E200F91ACC /* FileGrabber.cpp */ = {isa = PBXFileReference; explicitFileType = sourcecode.cpp.cpp; fileEncoding = 30; name = FileGrabber.cpp; path = "../../..//addons/ofxPlaymodes/src/grabbers/FileGrabber.cpp"; sourceTree = SOURCE_ROOT; };
		998776B81539F6E200F91ACC /* FileGrabber.h */ = {isa = PBXFileReference; explicitFileType = sourcecode.c.h; fileEncoding = 30; name = FileGrabber.h; path = "../../..//addons/ofxPlaymodes/src/grabbers/FileGrabber.h"; sourceTree = SOURCE_ROOT; };
		998776B91539F6E200F91ACC /* VideoGrabber.cpp */ = {isa = PBXFileReference; explicitFileType = sourcecode.cpp.cpp; fileEncoding = 30; name = VideoGrabber.cpp; path = "../../..//addons/ofxPlaymodes/src/grabbers/VideoGrabber.cpp"; sourceTree = SOURCE_ROOT; };
		998776BA1539F6E200F91ACC /* VideoGrabber.h */ = {isa = PBXFileReference; explicitFileType = sourcecode.c.h; fileEncoding = 30; name = VideoGrabber.h; path = "../../..//addons/ofxPlaymodes/src/grabbers/VideoGrabber.h"; sourceTree = SOURCE_ROOT; };
		998776BC1539F6E200F91ACC /* ofxOscEventsReceiver.cpp */ = {isa = PBXFileReference; explicitFileType = sourcecode.cpp.cpp; fileEncoding = 30; name = ofxOscEventsReceiver.cpp; path = "../../..//addons/ofxPlaymodes/src/ofxOscEvents/ofxOscEventsReceiver.cpp"; sourceTree = SOURCE_ROOT; };
		998776BD1539F6E200F91ACC /* ofxOscEventsReceiver.h */ = {isa = PBXFileReference; explicitFileType = sourcecode.c.h; fileEncoding = 30; name = ofxOscEventsReceiver.h; path = "../../..//addons/ofxPlaymodes/src/ofxOscEvents/ofxOscEventsReceiver.h"; sourceTree = SOURCE_ROOT; };
		998776BF1539F6E200F91ACC /* ofxPlaymodes.h */ = {isa = PBXFileReference; explicitFileType = sourcecode.c.h; fileEncoding = 30; name = ofxPlaymodes.h; path = "../../..//addons/ofxPlaymodes/src/ofxPlaymodes.h"; sourceTree = SOURCE_ROOT; };
		998776C01539F6E200F91ACC /* OscInterface.cpp */ = {isa = PBXFileReference; explicitFileType = sourcecode.cpp.cpp; fileEncoding = 30; name = OscInterface.cpp; path = "../../..//addons/ofxPlaymodes/src/oscControl/OscInterface.cpp"; sourceTree = SOURCE_ROOT; };
		998776C11539F6E200F91ACC /* OscInterface.h */ = {isa = PBXFileReference; explicitFileType = sourcecode.c.h; fileEncoding = 30; name = OscInterface.h; path = "../../..//addons/ofxPlaymodes/src/oscControl/OscInterface.h"; sourceTree = SOURCE_ROOT; };
		998776C31539F6E200F91ACC /* AudioSink.cpp */ = {isa = PBXFileReference; explicitFileType = sourcecode.cpp.cpp; fileEncoding = 30; name = AudioSink.cpp; path = "../../..//addons/ofxPlaymodes/src/pipeline/audio/AudioSink.cpp"; sourceTree = SOURCE_ROOT; };
		998776C41539F6E200F91ACC /* AudioSink.h */ = {isa = PBXFileReference; explicitFileType = sourcecode.c.h; fileEncoding = 30; name = AudioSink.h; path = "../../..//addons/ofxPlaymodes/src/pipeline/audio/AudioSink.h"; sourceTree = SOURCE_ROOT; };
		998776C51539F6E200F91ACC /* AudioSource.cpp */ = {isa = PBXFileReference; explicitFileType = sourcecode.cpp.cpp; fileEncoding = 30; name = AudioSource.cpp; path = "../../..//addons/ofxPlaymodes/src/pipeline/audio/AudioSource.cpp"; sourceTree = SOURCE_ROOT; };
		998776C61539F6E200F91ACC /* AudioSource.h */ = {isa = PBXFileReference; explicitFileType = sourcecode.c.h; fileEncoding = 30; name = AudioSource.h; path = "../../..//addons/ofxPlaymodes/src/pipeline/audio/AudioSource.h"; sourceTree = SOURCE_ROOT; };
		998776C81539F6E200F91ACC /* VideoSink.cpp */ = {isa = PBXFileReference; explicitFileType = sourcecode.cpp.cpp; fileEncoding = 30; name = VideoSink.cpp; path = "../../..//addons/ofxPlaymodes/src/pipeline/video/VideoSink.cpp"; sourceTree = SOURCE_ROOT; };
		998776C91539F6E200F91ACC /* VideoSink.h */ = {isa = PBXFileReference; explicitFileType = sourcecode.c.h; fileEncoding = 30; name = VideoSink.h; path = "../../..//addons/ofxPlaymodes/src/pipeline/video/VideoSink.h"; sourceTree = SOURCE_ROOT; };
		998776CA1539F6E200F91ACC /* VideoSource.cpp */ = {isa = PBXFileReference; explicitFileType = sourcecode.cpp.cpp; fileEncoding = 30; name = VideoSource.cpp; path = "../../..//addons/ofxPlaymodes/src/pipeline/video/VideoSource.cpp"; sourceTree = SOURCE_ROOT; };
		998776CB1539F6E200F91ACC /* VideoSource.h */ = {isa = PBXFileReference; explicitFileType = sourcecode.c.h; fileEncoding = 30; name = VideoSource.h; path = "../../..//addons/ofxPlaymodes/src/pipeline/video/VideoSource.h"; sourceTree = SOURCE_ROOT; };
		998776CE1539F6E200F91ACC /* AudioRenderer.cpp */ = {isa = PBXFileReference; explicitFileType = sourcecode.cpp.cpp; fileEncoding = 30; name = AudioRenderer.cpp; path = "../../..//addons/ofxPlaymodes/src/renderers/AudioRenderer.cpp"; sourceTree = SOURCE_ROOT; };
		998776CF1539F6E200F91ACC /* AudioRenderer.h */ = {isa = PBXFileReference; explicitFileType = sourcecode.c.h; fileEncoding = 30; name = AudioRenderer.h; path = "../../..//addons/ofxPlaymodes/src/renderers/AudioRenderer.h"; sourceTree = SOURCE_ROOT; };
		998776D01539F6E200F91ACC /* BasicVideoRenderer.cpp */ = {isa = PBXFileReference; explicitFileType = sourcecode.cpp.cpp; fileEncoding = 30; name = BasicVideoRenderer.cpp; path = "../../..//addons/ofxPlaymodes/src/renderers/BasicVideoRenderer.cpp"; sourceTree = SOURCE_ROOT; };
		998776D11539F6E200F91ACC /* BasicVideoRenderer.h */ = {isa = PBXFileReference; explicitFileType = sourcecode.c.h; fileEncoding = 30; name = BasicVideoRenderer.h; path = "../../..//addons/ofxPlaymodes/src/renderers/BasicVideoRenderer.h"; sourceTree = SOURCE_ROOT; };
		998776D21539F6E200F91ACC /* VideoRenderer.cpp */ = {isa = PBXFileReference; explicitFileType = sourcecode.cpp.cpp; fileEncoding = 30; name = VideoRenderer.cpp; path = "../../..//addons/ofxPlaymodes/src/renderers/VideoRenderer.cpp"; sourceTree = SOURCE_ROOT; };
		998776D31539F6E200F91ACC /* VideoRenderer.h */ = {isa = PBXFileReference; explicitFileType = sourcecode.c.h; fileEncoding = 30; name = VideoRenderer.h; path = "../../..//addons/ofxPlaymodes/src/renderers/VideoRenderer.h"; sourceTree = SOURCE_ROOT; };
		998776D51539F6E200F91ACC /* ofxObjCPointer.cpp */ = {isa = PBXFileReference; explicitFileType = sourcecode.cpp.cpp; fileEncoding = 30; name = ofxObjCPointer.cpp; path = "../../..//addons/ofxPlaymodes/src/utils/ofxObjCPointer.cpp"; sourceTree = SOURCE_ROOT; };
		998776D61539F6E200F91ACC /* ofxObjCPointer.h */ = {isa = PBXFileReference; explicitFileType = sourcecode.c.h; fileEncoding = 30; name = ofxObjCPointer.h; path = "../../..//addons/ofxPlaymodes/src/utils/ofxObjCPointer.h"; sourceTree = SOURCE_ROOT; };
		998776D71539F6E200F91ACC /* pmUtils.h */ = {isa = PBXFileReference; explicitFileType = sourcecode.c.h; fileEncoding = 30; name = pmUtils.h; path = "../../..//addons/ofxPlaymodes/src/utils/pmUtils.h"; sourceTree = SOURCE_ROOT; };
		998776D81539F6E200F91ACC /* VideoFormat.h */ = {isa = PBXFileReference; explicitFileType = sourcecode.c.h; fileEncoding = 30; name = VideoFormat.h; path = "../../..//addons/ofxPlaymodes/src/utils/VideoFormat.h"; sourceTree = SOURCE_ROOT; };
		B858901A1538E48B0086C26D /* .cproject */ = {isa = PBXFileReference; fileEncoding = 4; lastKnownFileType = text.xml; path = .cproject; sourceTree = "<group>"; };
		B858901B1538E48B0086C26D /* .gitignore */ = {isa = PBXFileReference; fileEncoding = 4; lastKnownFileType = text; path = .gitignore; sourceTree = "<group>"; };
		B858901C1538E48B0086C26D /* .project */ = {isa = PBXFileReference; fileEncoding = 4; lastKnownFileType = text.xml; path = .project; sourceTree = "<group>"; };
		B858901D1538E48B0086C26D /* LICENSE */ = {isa = PBXFileReference; fileEncoding = 4; lastKnownFileType = text; path = LICENSE; sourceTree = "<group>"; };
		B858901E1538E48B0086C26D /* README */ = {isa = PBXFileReference; fileEncoding = 4; lastKnownFileType = text; path = README; sourceTree = "<group>"; };
		B85890211538E48B0086C26D /* easing_terms_of_use.html */ = {isa = PBXFileReference; fileEncoding = 4; lastKnownFileType = text.html; path = easing_terms_of_use.html; sourceTree = "<group>"; };
		B85890221538E48B0086C26D /* ofxEasing.cpp */ = {isa = PBXFileReference; fileEncoding = 4; lastKnownFileType = sourcecode.cpp.cpp; path = ofxEasing.cpp; sourceTree = "<group>"; };
		B85890231538E48B0086C26D /* ofxEasing.h */ = {isa = PBXFileReference; fileEncoding = 4; lastKnownFileType = sourcecode.c.h; path = ofxEasing.h; sourceTree = "<group>"; };
		B85890241538E48B0086C26D /* ofxEasingBack.cpp */ = {isa = PBXFileReference; fileEncoding = 4; lastKnownFileType = sourcecode.cpp.cpp; path = ofxEasingBack.cpp; sourceTree = "<group>"; };
		B85890251538E48B0086C26D /* ofxEasingBack.h */ = {isa = PBXFileReference; fileEncoding = 4; lastKnownFileType = sourcecode.c.h; path = ofxEasingBack.h; sourceTree = "<group>"; };
		B85890261538E48B0086C26D /* ofxEasingBounce.cpp */ = {isa = PBXFileReference; fileEncoding = 4; lastKnownFileType = sourcecode.cpp.cpp; path = ofxEasingBounce.cpp; sourceTree = "<group>"; };
		B85890271538E48B0086C26D /* ofxEasingBounce.h */ = {isa = PBXFileReference; fileEncoding = 4; lastKnownFileType = sourcecode.c.h; path = ofxEasingBounce.h; sourceTree = "<group>"; };
		B85890281538E48B0086C26D /* ofxEasingCirc.cpp */ = {isa = PBXFileReference; fileEncoding = 4; lastKnownFileType = sourcecode.cpp.cpp; path = ofxEasingCirc.cpp; sourceTree = "<group>"; };
		B85890291538E48B0086C26D /* ofxEasingCirc.h */ = {isa = PBXFileReference; fileEncoding = 4; lastKnownFileType = sourcecode.c.h; path = ofxEasingCirc.h; sourceTree = "<group>"; };
		B858902A1538E48B0086C26D /* ofxEasingCubic.cpp */ = {isa = PBXFileReference; fileEncoding = 4; lastKnownFileType = sourcecode.cpp.cpp; path = ofxEasingCubic.cpp; sourceTree = "<group>"; };
		B858902B1538E48B0086C26D /* ofxEasingCubic.h */ = {isa = PBXFileReference; fileEncoding = 4; lastKnownFileType = sourcecode.c.h; path = ofxEasingCubic.h; sourceTree = "<group>"; };
		B858902C1538E48B0086C26D /* ofxEasingElastic.cpp */ = {isa = PBXFileReference; fileEncoding = 4; lastKnownFileType = sourcecode.cpp.cpp; path = ofxEasingElastic.cpp; sourceTree = "<group>"; };
		B858902D1538E48B0086C26D /* ofxEasingElastic.h */ = {isa = PBXFileReference; fileEncoding = 4; lastKnownFileType = sourcecode.c.h; path = ofxEasingElastic.h; sourceTree = "<group>"; };
		B858902E1538E48B0086C26D /* ofxEasingExpo.cpp */ = {isa = PBXFileReference; fileEncoding = 4; lastKnownFileType = sourcecode.cpp.cpp; path = ofxEasingExpo.cpp; sourceTree = "<group>"; };
		B858902F1538E48B0086C26D /* ofxEasingExpo.h */ = {isa = PBXFileReference; fileEncoding = 4; lastKnownFileType = sourcecode.c.h; path = ofxEasingExpo.h; sourceTree = "<group>"; };
		B85890301538E48B0086C26D /* ofxEasingLinear.cpp */ = {isa = PBXFileReference; fileEncoding = 4; lastKnownFileType = sourcecode.cpp.cpp; path = ofxEasingLinear.cpp; sourceTree = "<group>"; };
		B85890311538E48B0086C26D /* ofxEasingLinear.h */ = {isa = PBXFileReference; fileEncoding = 4; lastKnownFileType = sourcecode.c.h; path = ofxEasingLinear.h; sourceTree = "<group>"; };
		B85890321538E48B0086C26D /* ofxEasingQuad.cpp */ = {isa = PBXFileReference; fileEncoding = 4; lastKnownFileType = sourcecode.cpp.cpp; path = ofxEasingQuad.cpp; sourceTree = "<group>"; };
		B85890331538E48B0086C26D /* ofxEasingQuad.h */ = {isa = PBXFileReference; fileEncoding = 4; lastKnownFileType = sourcecode.c.h; path = ofxEasingQuad.h; sourceTree = "<group>"; };
		B85890341538E48B0086C26D /* ofxEasingQuart.cpp */ = {isa = PBXFileReference; fileEncoding = 4; lastKnownFileType = sourcecode.cpp.cpp; path = ofxEasingQuart.cpp; sourceTree = "<group>"; };
		B85890351538E48B0086C26D /* ofxEasingQuart.h */ = {isa = PBXFileReference; fileEncoding = 4; lastKnownFileType = sourcecode.c.h; path = ofxEasingQuart.h; sourceTree = "<group>"; };
		B85890361538E48B0086C26D /* ofxEasingQuint.cpp */ = {isa = PBXFileReference; fileEncoding = 4; lastKnownFileType = sourcecode.cpp.cpp; path = ofxEasingQuint.cpp; sourceTree = "<group>"; };
		B85890371538E48B0086C26D /* ofxEasingQuint.h */ = {isa = PBXFileReference; fileEncoding = 4; lastKnownFileType = sourcecode.c.h; path = ofxEasingQuint.h; sourceTree = "<group>"; };
		B85890381538E48B0086C26D /* ofxEasingSine.cpp */ = {isa = PBXFileReference; fileEncoding = 4; lastKnownFileType = sourcecode.cpp.cpp; path = ofxEasingSine.cpp; sourceTree = "<group>"; };
		B85890391538E48B0086C26D /* ofxEasingSine.h */ = {isa = PBXFileReference; fileEncoding = 4; lastKnownFileType = sourcecode.c.h; path = ofxEasingSine.h; sourceTree = "<group>"; };
		B858903A1538E48B0086C26D /* ofxTween.cpp */ = {isa = PBXFileReference; fileEncoding = 4; lastKnownFileType = sourcecode.cpp.cpp; path = ofxTween.cpp; sourceTree = "<group>"; };
		B858903B1538E48B0086C26D /* ofxTween.h */ = {isa = PBXFileReference; fileEncoding = 4; lastKnownFileType = sourcecode.c.h; path = ofxTween.h; sourceTree = "<group>"; };
		B8FA66FD1520ECFA006D00D6 /* install.xml */ = {isa = PBXFileReference; fileEncoding = 4; lastKnownFileType = text.xml; path = install.xml; sourceTree = "<group>"; };
		B8FA67021520ECFA006D00D6 /* IpEndpointName.h */ = {isa = PBXFileReference; fileEncoding = 4; lastKnownFileType = sourcecode.c.h; path = IpEndpointName.h; sourceTree = "<group>"; };
		B8FA67031520ECFA006D00D6 /* NetworkingUtils.h */ = {isa = PBXFileReference; fileEncoding = 4; lastKnownFileType = sourcecode.c.h; path = NetworkingUtils.h; sourceTree = "<group>"; };
		B8FA67041520ECFA006D00D6 /* PacketListener.h */ = {isa = PBXFileReference; fileEncoding = 4; lastKnownFileType = sourcecode.c.h; path = PacketListener.h; sourceTree = "<group>"; };
		B8FA67051520ECFA006D00D6 /* TimerListener.h */ = {isa = PBXFileReference; fileEncoding = 4; lastKnownFileType = sourcecode.c.h; path = TimerListener.h; sourceTree = "<group>"; };
		B8FA67061520ECFA006D00D6 /* UdpSocket.h */ = {isa = PBXFileReference; fileEncoding = 4; lastKnownFileType = sourcecode.c.h; path = UdpSocket.h; sourceTree = "<group>"; };
		B8FA67081520ECFA006D00D6 /* MessageMappingOscPacketListener.h */ = {isa = PBXFileReference; fileEncoding = 4; lastKnownFileType = sourcecode.c.h; path = MessageMappingOscPacketListener.h; sourceTree = "<group>"; };
		B8FA67091520ECFA006D00D6 /* OscException.h */ = {isa = PBXFileReference; fileEncoding = 4; lastKnownFileType = sourcecode.c.h; path = OscException.h; sourceTree = "<group>"; };
		B8FA670A1520ECFA006D00D6 /* OscHostEndianness.h */ = {isa = PBXFileReference; fileEncoding = 4; lastKnownFileType = sourcecode.c.h; path = OscHostEndianness.h; sourceTree = "<group>"; };
		B8FA670B1520ECFA006D00D6 /* OscOutboundPacketStream.h */ = {isa = PBXFileReference; fileEncoding = 4; lastKnownFileType = sourcecode.c.h; path = OscOutboundPacketStream.h; sourceTree = "<group>"; };
		B8FA670C1520ECFA006D00D6 /* OscPacketListener.h */ = {isa = PBXFileReference; fileEncoding = 4; lastKnownFileType = sourcecode.c.h; path = OscPacketListener.h; sourceTree = "<group>"; };
		B8FA670D1520ECFA006D00D6 /* OscPrintReceivedElements.h */ = {isa = PBXFileReference; fileEncoding = 4; lastKnownFileType = sourcecode.c.h; path = OscPrintReceivedElements.h; sourceTree = "<group>"; };
		B8FA670E1520ECFA006D00D6 /* OscReceivedElements.h */ = {isa = PBXFileReference; fileEncoding = 4; lastKnownFileType = sourcecode.c.h; path = OscReceivedElements.h; sourceTree = "<group>"; };
		B8FA670F1520ECFA006D00D6 /* OscTypes.h */ = {isa = PBXFileReference; fileEncoding = 4; lastKnownFileType = sourcecode.c.h; path = OscTypes.h; sourceTree = "<group>"; };
		B8FA67131520ECFA006D00D6 /* liboscpack.a */ = {isa = PBXFileReference; lastKnownFileType = archive.ar; path = liboscpack.a; sourceTree = "<group>"; };
		B8FA67141520ECFA006D00D6 /* liboscpack.a */ = {isa = PBXFileReference; lastKnownFileType = archive.ar; path = liboscpack.a; sourceTree = "<group>"; };
		B8FA67161520ECFA006D00D6 /* osc.a */ = {isa = PBXFileReference; lastKnownFileType = archive.ar; path = osc.a; sourceTree = "<group>"; };
		B8FA67181520ECFA006D00D6 /* liboscpack.a */ = {isa = PBXFileReference; lastKnownFileType = archive.ar; path = liboscpack.a; sourceTree = "<group>"; };
		B8FA671A1520ECFA006D00D6 /* liboscpack.a */ = {isa = PBXFileReference; lastKnownFileType = archive.ar; path = liboscpack.a; sourceTree = "<group>"; };
		B8FA671C1520ECFA006D00D6 /* osc.a */ = {isa = PBXFileReference; lastKnownFileType = archive.ar; path = osc.a; sourceTree = "<group>"; };
		B8FA671E1520ECFA006D00D6 /* oscpack.lib */ = {isa = PBXFileReference; lastKnownFileType = archive.ar; path = oscpack.lib; sourceTree = "<group>"; };
		B8FA671F1520ECFA006D00D6 /* oscpackd.lib */ = {isa = PBXFileReference; lastKnownFileType = archive.ar; path = oscpackd.lib; sourceTree = "<group>"; };
		B8FA67211520ECFA006D00D6 /* oscpack.a */ = {isa = PBXFileReference; lastKnownFileType = archive.ar; path = oscpack.a; sourceTree = "<group>"; };
		B8FA67231520ECFA006D00D6 /* ofxOsc.h */ = {isa = PBXFileReference; fileEncoding = 4; lastKnownFileType = sourcecode.c.h; path = ofxOsc.h; sourceTree = "<group>"; };
		B8FA67241520ECFA006D00D6 /* ofxOscArg.h */ = {isa = PBXFileReference; fileEncoding = 4; lastKnownFileType = sourcecode.c.h; path = ofxOscArg.h; sourceTree = "<group>"; };
		B8FA67251520ECFA006D00D6 /* ofxOscBundle.cpp */ = {isa = PBXFileReference; fileEncoding = 4; lastKnownFileType = sourcecode.cpp.cpp; path = ofxOscBundle.cpp; sourceTree = "<group>"; };
		B8FA67261520ECFA006D00D6 /* ofxOscBundle.h */ = {isa = PBXFileReference; fileEncoding = 4; lastKnownFileType = sourcecode.c.h; path = ofxOscBundle.h; sourceTree = "<group>"; };
		B8FA67271520ECFA006D00D6 /* ofxOscMessage.cpp */ = {isa = PBXFileReference; fileEncoding = 4; lastKnownFileType = sourcecode.cpp.cpp; path = ofxOscMessage.cpp; sourceTree = "<group>"; };
		B8FA67281520ECFA006D00D6 /* ofxOscMessage.h */ = {isa = PBXFileReference; fileEncoding = 4; lastKnownFileType = sourcecode.c.h; path = ofxOscMessage.h; sourceTree = "<group>"; };
		B8FA67291520ECFA006D00D6 /* ofxOscReceiver.cpp */ = {isa = PBXFileReference; fileEncoding = 4; lastKnownFileType = sourcecode.cpp.cpp; path = ofxOscReceiver.cpp; sourceTree = "<group>"; };
		B8FA672A1520ECFA006D00D6 /* ofxOscReceiver.h */ = {isa = PBXFileReference; fileEncoding = 4; lastKnownFileType = sourcecode.c.h; path = ofxOscReceiver.h; sourceTree = "<group>"; };
		B8FA672B1520ECFA006D00D6 /* ofxOscSender.cpp */ = {isa = PBXFileReference; fileEncoding = 4; lastKnownFileType = sourcecode.cpp.cpp; path = ofxOscSender.cpp; sourceTree = "<group>"; };
		B8FA672C1520ECFA006D00D6 /* ofxOscSender.h */ = {isa = PBXFileReference; fileEncoding = 4; lastKnownFileType = sourcecode.c.h; path = ofxOscSender.h; sourceTree = "<group>"; };
		BBAB23BE13894E4700AA2426 /* GLUT.framework */ = {isa = PBXFileReference; lastKnownFileType = wrapper.framework; name = GLUT.framework; path = ../../../libs/glut/lib/osx/GLUT.framework; sourceTree = "<group>"; };
		E4328143138ABC890047C5CB /* openFrameworksLib.xcodeproj */ = {isa = PBXFileReference; lastKnownFileType = "wrapper.pb-project"; name = openFrameworksLib.xcodeproj; path = ../../../libs/openFrameworksCompiled/project/osx/openFrameworksLib.xcodeproj; sourceTree = SOURCE_ROOT; };
		E45BE9710E8CC7DD009D7055 /* AGL.framework */ = {isa = PBXFileReference; lastKnownFileType = wrapper.framework; name = AGL.framework; path = /System/Library/Frameworks/AGL.framework; sourceTree = "<absolute>"; };
		E45BE9720E8CC7DD009D7055 /* ApplicationServices.framework */ = {isa = PBXFileReference; lastKnownFileType = wrapper.framework; name = ApplicationServices.framework; path = /System/Library/Frameworks/ApplicationServices.framework; sourceTree = "<absolute>"; };
		E45BE9730E8CC7DD009D7055 /* AudioToolbox.framework */ = {isa = PBXFileReference; lastKnownFileType = wrapper.framework; name = AudioToolbox.framework; path = /System/Library/Frameworks/AudioToolbox.framework; sourceTree = "<absolute>"; };
		E45BE9740E8CC7DD009D7055 /* Carbon.framework */ = {isa = PBXFileReference; lastKnownFileType = wrapper.framework; name = Carbon.framework; path = /System/Library/Frameworks/Carbon.framework; sourceTree = "<absolute>"; };
		E45BE9750E8CC7DD009D7055 /* CoreAudio.framework */ = {isa = PBXFileReference; lastKnownFileType = wrapper.framework; name = CoreAudio.framework; path = /System/Library/Frameworks/CoreAudio.framework; sourceTree = "<absolute>"; };
		E45BE9760E8CC7DD009D7055 /* CoreFoundation.framework */ = {isa = PBXFileReference; lastKnownFileType = wrapper.framework; name = CoreFoundation.framework; path = /System/Library/Frameworks/CoreFoundation.framework; sourceTree = "<absolute>"; };
		E45BE9770E8CC7DD009D7055 /* CoreServices.framework */ = {isa = PBXFileReference; lastKnownFileType = wrapper.framework; name = CoreServices.framework; path = /System/Library/Frameworks/CoreServices.framework; sourceTree = "<absolute>"; };
		E45BE9790E8CC7DD009D7055 /* OpenGL.framework */ = {isa = PBXFileReference; lastKnownFileType = wrapper.framework; name = OpenGL.framework; path = /System/Library/Frameworks/OpenGL.framework; sourceTree = "<absolute>"; };
		E45BE97A0E8CC7DD009D7055 /* QuickTime.framework */ = {isa = PBXFileReference; lastKnownFileType = wrapper.framework; name = QuickTime.framework; path = /System/Library/Frameworks/QuickTime.framework; sourceTree = "<absolute>"; };
		E4B69B5B0A3A1756003C02F2 /* TelescopioDebug.app */ = {isa = PBXFileReference; explicitFileType = wrapper.application; includeInIndex = 0; path = TelescopioDebug.app; sourceTree = BUILT_PRODUCTS_DIR; };
		E4B69E1D0A3A1BDC003C02F2 /* main.cpp */ = {isa = PBXFileReference; fileEncoding = 30; lastKnownFileType = sourcecode.cpp.cpp; name = main.cpp; path = src/main.cpp; sourceTree = SOURCE_ROOT; };
		E4B69E1E0A3A1BDC003C02F2 /* testApp.cpp */ = {isa = PBXFileReference; explicitFileType = sourcecode.cpp.cpp; fileEncoding = 30; name = testApp.cpp; path = src/testApp.cpp; sourceTree = SOURCE_ROOT; };
		E4B69E1F0A3A1BDC003C02F2 /* testApp.h */ = {isa = PBXFileReference; fileEncoding = 30; lastKnownFileType = sourcecode.c.h; name = testApp.h; path = src/testApp.h; sourceTree = SOURCE_ROOT; };
		E4B6FCAD0C3E899E008CF71C /* openFrameworks-Info.plist */ = {isa = PBXFileReference; fileEncoding = 30; lastKnownFileType = text.plist.xml; path = "openFrameworks-Info.plist"; sourceTree = "<group>"; };
		E4C2424410CC5A17004149E2 /* AppKit.framework */ = {isa = PBXFileReference; lastKnownFileType = wrapper.framework; name = AppKit.framework; path = /System/Library/Frameworks/AppKit.framework; sourceTree = "<absolute>"; };
		E4C2424510CC5A17004149E2 /* Cocoa.framework */ = {isa = PBXFileReference; lastKnownFileType = wrapper.framework; name = Cocoa.framework; path = /System/Library/Frameworks/Cocoa.framework; sourceTree = "<absolute>"; };
		E4C2424610CC5A17004149E2 /* IOKit.framework */ = {isa = PBXFileReference; lastKnownFileType = wrapper.framework; name = IOKit.framework; path = /System/Library/Frameworks/IOKit.framework; sourceTree = "<absolute>"; };
		E4EB691F138AFCF100A09F29 /* CoreOF.xcconfig */ = {isa = PBXFileReference; fileEncoding = 4; lastKnownFileType = text.xcconfig; name = CoreOF.xcconfig; path = ../../../libs/openFrameworksCompiled/project/osx/CoreOF.xcconfig; sourceTree = SOURCE_ROOT; };
		E4EB6923138AFD0F00A09F29 /* Project.xcconfig */ = {isa = PBXFileReference; fileEncoding = 4; lastKnownFileType = text.xcconfig; path = Project.xcconfig; sourceTree = "<group>"; };
/* End PBXFileReference section */

/* Begin PBXFrameworksBuildPhase section */
		E4B69B590A3A1756003C02F2 /* Frameworks */ = {
			isa = PBXFrameworksBuildPhase;
			buildActionMask = 2147483647;
			files = (
				E4EB6799138ADC1D00A09F29 /* GLUT.framework in Frameworks */,
				E4328149138ABC9F0047C5CB /* openFrameworksDebug.a in Frameworks */,
				E45BE97B0E8CC7DD009D7055 /* AGL.framework in Frameworks */,
				E45BE97C0E8CC7DD009D7055 /* ApplicationServices.framework in Frameworks */,
				E45BE97D0E8CC7DD009D7055 /* AudioToolbox.framework in Frameworks */,
				E45BE97E0E8CC7DD009D7055 /* Carbon.framework in Frameworks */,
				E45BE97F0E8CC7DD009D7055 /* CoreAudio.framework in Frameworks */,
				E45BE9800E8CC7DD009D7055 /* CoreFoundation.framework in Frameworks */,
				E45BE9810E8CC7DD009D7055 /* CoreServices.framework in Frameworks */,
				E45BE9830E8CC7DD009D7055 /* OpenGL.framework in Frameworks */,
				E45BE9840E8CC7DD009D7055 /* QuickTime.framework in Frameworks */,
				E4C2424710CC5A17004149E2 /* AppKit.framework in Frameworks */,
				E4C2424810CC5A17004149E2 /* Cocoa.framework in Frameworks */,
				E4C2424910CC5A17004149E2 /* IOKit.framework in Frameworks */,
				B8FA672D1520ECFA006D00D6 /* liboscpack.a in Frameworks */,
				B8FA672E1520ECFA006D00D6 /* liboscpack.a in Frameworks */,
				B8FA672F1520ECFA006D00D6 /* osc.a in Frameworks */,
				B8FA67301520ECFA006D00D6 /* liboscpack.a in Frameworks */,
				B8FA67311520ECFB006D00D6 /* liboscpack.a in Frameworks */,
				B8FA67321520ECFB006D00D6 /* osc.a in Frameworks */,
				B8FA67331520ECFB006D00D6 /* oscpack.lib in Frameworks */,
				B8FA67341520ECFB006D00D6 /* oscpackd.lib in Frameworks */,
				B8FA67351520ECFB006D00D6 /* oscpack.a in Frameworks */,
			);
			runOnlyForDeploymentPostprocessing = 0;
		};
/* End PBXFrameworksBuildPhase section */

/* Begin PBXGroup section */
		998776A01539F6E200F91ACC /* AVHeaders */ = {
			isa = PBXGroup;
			children = (
				9987769C1539F6E200F91ACC /* AudioHeader.cpp */,
				9987769D1539F6E200F91ACC /* AudioHeader.h */,
				9987769E1539F6E200F91ACC /* VideoHeader.cpp */,
				9987769F1539F6E200F91ACC /* VideoHeader.h */,
			);
			name = AVHeaders;
			sourceTree = "<group>";
		};
		998776A71539F6E200F91ACC /* buffers */ = {
			isa = PBXGroup;
			children = (
				998776A11539F6E200F91ACC /* AudioBuffer.cpp */,
				998776A21539F6E200F91ACC /* AudioBuffer.h */,
				998776A31539F6E200F91ACC /* Buffer.cpp */,
				998776A41539F6E200F91ACC /* Buffer.h */,
				998776A51539F6E200F91ACC /* VideoBuffer.cpp */,
				998776A61539F6E200F91ACC /* VideoBuffer.h */,
			);
			name = buffers;
			sourceTree = "<group>";
		};
		998776AA1539F6E200F91ACC /* filters */ = {
			isa = PBXGroup;
			children = (
				998776A81539F6E200F91ACC /* VideoFilter.cpp */,
				998776A91539F6E200F91ACC /* VideoFilter.h */,
			);
			name = filters;
			sourceTree = "<group>";
		};
		998776AF1539F6E200F91ACC /* envelopes */ = {
			isa = PBXGroup;
			children = (
				998776AD1539F6E200F91ACC /* BaseEnvelope.h */,
				998776AE1539F6E200F91ACC /* RaisedCosineBellEnvelope.h */,
			);
			name = envelopes;
			sourceTree = "<group>";
		};
		998776B41539F6E200F91ACC /* frames */ = {
			isa = PBXGroup;
			children = (
				998776AB1539F6E200F91ACC /* AudioFrame.cpp */,
				998776AC1539F6E200F91ACC /* AudioFrame.h */,
				998776AF1539F6E200F91ACC /* envelopes */,
				998776B01539F6E200F91ACC /* Frame.cpp */,
				998776B11539F6E200F91ACC /* Frame.h */,
				998776B21539F6E200F91ACC /* VideoFrame.cpp */,
				998776B31539F6E200F91ACC /* VideoFrame.h */,
			);
			name = frames;
			sourceTree = "<group>";
		};
		998776BB1539F6E200F91ACC /* grabbers */ = {
			isa = PBXGroup;
			children = (
				998776B51539F6E200F91ACC /* AudioGrabber.cpp */,
				998776B61539F6E200F91ACC /* AudioGrabber.h */,
				998776B71539F6E200F91ACC /* FileGrabber.cpp */,
				998776B81539F6E200F91ACC /* FileGrabber.h */,
				998776B91539F6E200F91ACC /* VideoGrabber.cpp */,
				998776BA1539F6E200F91ACC /* VideoGrabber.h */,
			);
			name = grabbers;
			sourceTree = "<group>";
		};
		998776BE1539F6E200F91ACC /* ofxOscEvents */ = {
			isa = PBXGroup;
			children = (
				998776BC1539F6E200F91ACC /* ofxOscEventsReceiver.cpp */,
				998776BD1539F6E200F91ACC /* ofxOscEventsReceiver.h */,
			);
			name = ofxOscEvents;
			sourceTree = "<group>";
		};
		998776C21539F6E200F91ACC /* oscControl */ = {
			isa = PBXGroup;
			children = (
				998776C01539F6E200F91ACC /* OscInterface.cpp */,
				998776C11539F6E200F91ACC /* OscInterface.h */,
			);
			name = oscControl;
			sourceTree = "<group>";
		};
		998776C71539F6E200F91ACC /* audio */ = {
			isa = PBXGroup;
			children = (
				998776C31539F6E200F91ACC /* AudioSink.cpp */,
				998776C41539F6E200F91ACC /* AudioSink.h */,
				998776C51539F6E200F91ACC /* AudioSource.cpp */,
				998776C61539F6E200F91ACC /* AudioSource.h */,
			);
			name = audio;
			sourceTree = "<group>";
		};
		998776CC1539F6E200F91ACC /* video */ = {
			isa = PBXGroup;
			children = (
				998776C81539F6E200F91ACC /* VideoSink.cpp */,
				998776C91539F6E200F91ACC /* VideoSink.h */,
				998776CA1539F6E200F91ACC /* VideoSource.cpp */,
				998776CB1539F6E200F91ACC /* VideoSource.h */,
			);
			name = video;
			sourceTree = "<group>";
		};
		998776CD1539F6E200F91ACC /* pipeline */ = {
			isa = PBXGroup;
			children = (
				998776C71539F6E200F91ACC /* audio */,
				998776CC1539F6E200F91ACC /* video */,
			);
			name = pipeline;
			sourceTree = "<group>";
		};
		998776D41539F6E200F91ACC /* renderers */ = {
			isa = PBXGroup;
			children = (
				998776CE1539F6E200F91ACC /* AudioRenderer.cpp */,
				998776CF1539F6E200F91ACC /* AudioRenderer.h */,
				998776D01539F6E200F91ACC /* BasicVideoRenderer.cpp */,
				998776D11539F6E200F91ACC /* BasicVideoRenderer.h */,
				998776D21539F6E200F91ACC /* VideoRenderer.cpp */,
				998776D31539F6E200F91ACC /* VideoRenderer.h */,
			);
			name = renderers;
			sourceTree = "<group>";
		};
		998776D91539F6E200F91ACC /* utils */ = {
			isa = PBXGroup;
			children = (
				998776D51539F6E200F91ACC /* ofxObjCPointer.cpp */,
				998776D61539F6E200F91ACC /* ofxObjCPointer.h */,
				998776D71539F6E200F91ACC /* pmUtils.h */,
				998776D81539F6E200F91ACC /* VideoFormat.h */,
			);
			name = utils;
			sourceTree = "<group>";
		};
		998776DA1539F6E200F91ACC /* src */ = {
			isa = PBXGroup;
			children = (
				998776A01539F6E200F91ACC /* AVHeaders */,
				998776A71539F6E200F91ACC /* buffers */,
				998776AA1539F6E200F91ACC /* filters */,
				998776B41539F6E200F91ACC /* frames */,
				998776BB1539F6E200F91ACC /* grabbers */,
				998776BE1539F6E200F91ACC /* ofxOscEvents */,
				998776BF1539F6E200F91ACC /* ofxPlaymodes.h */,
				998776C21539F6E200F91ACC /* oscControl */,
				998776CD1539F6E200F91ACC /* pipeline */,
				998776D41539F6E200F91ACC /* renderers */,
				998776D91539F6E200F91ACC /* utils */,
			);
			name = src;
			sourceTree = "<group>";
		};
		998776DB1539F6E200F91ACC /* ofxPlaymodes */ = {
			isa = PBXGroup;
			children = (
				998776DA1539F6E200F91ACC /* src */,
			);
			name = ofxPlaymodes;
			sourceTree = "<group>";
		};
		B85890191538E48A0086C26D /* ofxTween */ = {
			isa = PBXGroup;
			children = (
				B858901A1538E48B0086C26D /* .cproject */,
				B858901B1538E48B0086C26D /* .gitignore */,
				B858901C1538E48B0086C26D /* .project */,
				B858901D1538E48B0086C26D /* LICENSE */,
				B858901E1538E48B0086C26D /* README */,
				B858901F1538E48B0086C26D /* src */,
			);
			name = ofxTween;
			path = ../../../addons/ofxTween;
			sourceTree = "<group>";
		};
		B858901F1538E48B0086C26D /* src */ = {
			isa = PBXGroup;
			children = (
				B85890201538E48B0086C26D /* Easings */,
				B858903A1538E48B0086C26D /* ofxTween.cpp */,
				B858903B1538E48B0086C26D /* ofxTween.h */,
			);
			path = src;
			sourceTree = "<group>";
		};
		B85890201538E48B0086C26D /* Easings */ = {
			isa = PBXGroup;
			children = (
				B85890211538E48B0086C26D /* easing_terms_of_use.html */,
				B85890221538E48B0086C26D /* ofxEasing.cpp */,
				B85890231538E48B0086C26D /* ofxEasing.h */,
				B85890241538E48B0086C26D /* ofxEasingBack.cpp */,
				B85890251538E48B0086C26D /* ofxEasingBack.h */,
				B85890261538E48B0086C26D /* ofxEasingBounce.cpp */,
				B85890271538E48B0086C26D /* ofxEasingBounce.h */,
				B85890281538E48B0086C26D /* ofxEasingCirc.cpp */,
				B85890291538E48B0086C26D /* ofxEasingCirc.h */,
				B858902A1538E48B0086C26D /* ofxEasingCubic.cpp */,
				B858902B1538E48B0086C26D /* ofxEasingCubic.h */,
				B858902C1538E48B0086C26D /* ofxEasingElastic.cpp */,
				B858902D1538E48B0086C26D /* ofxEasingElastic.h */,
				B858902E1538E48B0086C26D /* ofxEasingExpo.cpp */,
				B858902F1538E48B0086C26D /* ofxEasingExpo.h */,
				B85890301538E48B0086C26D /* ofxEasingLinear.cpp */,
				B85890311538E48B0086C26D /* ofxEasingLinear.h */,
				B85890321538E48B0086C26D /* ofxEasingQuad.cpp */,
				B85890331538E48B0086C26D /* ofxEasingQuad.h */,
				B85890341538E48B0086C26D /* ofxEasingQuart.cpp */,
				B85890351538E48B0086C26D /* ofxEasingQuart.h */,
				B85890361538E48B0086C26D /* ofxEasingQuint.cpp */,
				B85890371538E48B0086C26D /* ofxEasingQuint.h */,
				B85890381538E48B0086C26D /* ofxEasingSine.cpp */,
				B85890391538E48B0086C26D /* ofxEasingSine.h */,
			);
			path = Easings;
			sourceTree = "<group>";
		};
		B8FA66FC1520ECF9006D00D6 /* ofxOsc */ = {
			isa = PBXGroup;
			children = (
				B8FA66FD1520ECFA006D00D6 /* install.xml */,
				B8FA66FE1520ECFA006D00D6 /* libs */,
				B8FA67221520ECFA006D00D6 /* src */,
			);
			name = ofxOsc;
			path = ../../../addons/ofxOsc;
			sourceTree = "<group>";
		};
		B8FA66FE1520ECFA006D00D6 /* libs */ = {
			isa = PBXGroup;
			children = (
				B8FA66FF1520ECFA006D00D6 /* oscpack */,
			);
			path = libs;
			sourceTree = "<group>";
		};
		B8FA66FF1520ECFA006D00D6 /* oscpack */ = {
			isa = PBXGroup;
			children = (
				B8FA67001520ECFA006D00D6 /* include */,
				B8FA67101520ECFA006D00D6 /* lib */,
			);
			path = oscpack;
			sourceTree = "<group>";
		};
		B8FA67001520ECFA006D00D6 /* include */ = {
			isa = PBXGroup;
			children = (
				B8FA67011520ECFA006D00D6 /* ip */,
				B8FA67071520ECFA006D00D6 /* osc */,
			);
			path = include;
			sourceTree = "<group>";
		};
		B8FA67011520ECFA006D00D6 /* ip */ = {
			isa = PBXGroup;
			children = (
				B8FA67021520ECFA006D00D6 /* IpEndpointName.h */,
				B8FA67031520ECFA006D00D6 /* NetworkingUtils.h */,
				B8FA67041520ECFA006D00D6 /* PacketListener.h */,
				B8FA67051520ECFA006D00D6 /* TimerListener.h */,
				B8FA67061520ECFA006D00D6 /* UdpSocket.h */,
			);
			path = ip;
			sourceTree = "<group>";
		};
		B8FA67071520ECFA006D00D6 /* osc */ = {
			isa = PBXGroup;
			children = (
				B8FA67081520ECFA006D00D6 /* MessageMappingOscPacketListener.h */,
				B8FA67091520ECFA006D00D6 /* OscException.h */,
				B8FA670A1520ECFA006D00D6 /* OscHostEndianness.h */,
				B8FA670B1520ECFA006D00D6 /* OscOutboundPacketStream.h */,
				B8FA670C1520ECFA006D00D6 /* OscPacketListener.h */,
				B8FA670D1520ECFA006D00D6 /* OscPrintReceivedElements.h */,
				B8FA670E1520ECFA006D00D6 /* OscReceivedElements.h */,
				B8FA670F1520ECFA006D00D6 /* OscTypes.h */,
			);
			path = osc;
			sourceTree = "<group>";
		};
		B8FA67101520ECFA006D00D6 /* lib */ = {
			isa = PBXGroup;
			children = (
				B8FA67111520ECFA006D00D6 /* android */,
				B8FA67151520ECFA006D00D6 /* iphone */,
				B8FA67171520ECFA006D00D6 /* linux */,
				B8FA67191520ECFA006D00D6 /* linux64 */,
				B8FA671B1520ECFA006D00D6 /* osx */,
				B8FA671D1520ECFA006D00D6 /* vs2010 */,
				B8FA67201520ECFA006D00D6 /* win_cb */,
			);
			path = lib;
			sourceTree = "<group>";
		};
		B8FA67111520ECFA006D00D6 /* android */ = {
			isa = PBXGroup;
			children = (
				B8FA67121520ECFA006D00D6 /* arm7 */,
				B8FA67141520ECFA006D00D6 /* liboscpack.a */,
			);
			path = android;
			sourceTree = "<group>";
		};
		B8FA67121520ECFA006D00D6 /* arm7 */ = {
			isa = PBXGroup;
			children = (
				B8FA67131520ECFA006D00D6 /* liboscpack.a */,
			);
			path = arm7;
			sourceTree = "<group>";
		};
		B8FA67151520ECFA006D00D6 /* iphone */ = {
			isa = PBXGroup;
			children = (
				B8FA67161520ECFA006D00D6 /* osc.a */,
			);
			path = iphone;
			sourceTree = "<group>";
		};
		B8FA67171520ECFA006D00D6 /* linux */ = {
			isa = PBXGroup;
			children = (
				B8FA67181520ECFA006D00D6 /* liboscpack.a */,
			);
			path = linux;
			sourceTree = "<group>";
		};
		B8FA67191520ECFA006D00D6 /* linux64 */ = {
			isa = PBXGroup;
			children = (
				B8FA671A1520ECFA006D00D6 /* liboscpack.a */,
			);
			path = linux64;
			sourceTree = "<group>";
		};
		B8FA671B1520ECFA006D00D6 /* osx */ = {
			isa = PBXGroup;
			children = (
				B8FA671C1520ECFA006D00D6 /* osc.a */,
			);
			path = osx;
			sourceTree = "<group>";
		};
		B8FA671D1520ECFA006D00D6 /* vs2010 */ = {
			isa = PBXGroup;
			children = (
				B8FA671E1520ECFA006D00D6 /* oscpack.lib */,
				B8FA671F1520ECFA006D00D6 /* oscpackd.lib */,
			);
			path = vs2010;
			sourceTree = "<group>";
		};
		B8FA67201520ECFA006D00D6 /* win_cb */ = {
			isa = PBXGroup;
			children = (
				B8FA67211520ECFA006D00D6 /* oscpack.a */,
			);
			path = win_cb;
			sourceTree = "<group>";
		};
		B8FA67221520ECFA006D00D6 /* src */ = {
			isa = PBXGroup;
			children = (
				B8FA67231520ECFA006D00D6 /* ofxOsc.h */,
				B8FA67241520ECFA006D00D6 /* ofxOscArg.h */,
				B8FA67251520ECFA006D00D6 /* ofxOscBundle.cpp */,
				B8FA67261520ECFA006D00D6 /* ofxOscBundle.h */,
				B8FA67271520ECFA006D00D6 /* ofxOscMessage.cpp */,
				B8FA67281520ECFA006D00D6 /* ofxOscMessage.h */,
				B8FA67291520ECFA006D00D6 /* ofxOscReceiver.cpp */,
				B8FA672A1520ECFA006D00D6 /* ofxOscReceiver.h */,
				B8FA672B1520ECFA006D00D6 /* ofxOscSender.cpp */,
				B8FA672C1520ECFA006D00D6 /* ofxOscSender.h */,
			);
			path = src;
			sourceTree = "<group>";
		};
		BB4B014C10F69532006C3DED /* addons */ = {
			isa = PBXGroup;
			children = (
				B85890191538E48A0086C26D /* ofxTween */,
				B8FA66FC1520ECF9006D00D6 /* ofxOsc */,
				998776DB1539F6E200F91ACC /* ofxPlaymodes */,
			);
			name = addons;
			sourceTree = "<group>";
		};
		BBAB23C913894ECA00AA2426 /* system frameworks */ = {
			isa = PBXGroup;
			children = (
				E4C2424410CC5A17004149E2 /* AppKit.framework */,
				E4C2424510CC5A17004149E2 /* Cocoa.framework */,
				E4C2424610CC5A17004149E2 /* IOKit.framework */,
				E45BE9710E8CC7DD009D7055 /* AGL.framework */,
				E45BE9720E8CC7DD009D7055 /* ApplicationServices.framework */,
				E45BE9730E8CC7DD009D7055 /* AudioToolbox.framework */,
				E45BE9740E8CC7DD009D7055 /* Carbon.framework */,
				E45BE9750E8CC7DD009D7055 /* CoreAudio.framework */,
				E45BE9760E8CC7DD009D7055 /* CoreFoundation.framework */,
				E45BE9770E8CC7DD009D7055 /* CoreServices.framework */,
				E45BE9790E8CC7DD009D7055 /* OpenGL.framework */,
				E45BE97A0E8CC7DD009D7055 /* QuickTime.framework */,
			);
			name = "system frameworks";
			sourceTree = "<group>";
		};
		BBAB23CA13894EDB00AA2426 /* 3rd party frameworks */ = {
			isa = PBXGroup;
			children = (
				BBAB23BE13894E4700AA2426 /* GLUT.framework */,
			);
			name = "3rd party frameworks";
			sourceTree = "<group>";
		};
		E4328144138ABC890047C5CB /* Products */ = {
			isa = PBXGroup;
			children = (
				E4328148138ABC890047C5CB /* openFrameworksDebug.a */,
			);
			name = Products;
			sourceTree = "<group>";
		};
		E45BE5980E8CC70C009D7055 /* frameworks */ = {
			isa = PBXGroup;
			children = (
				BBAB23CA13894EDB00AA2426 /* 3rd party frameworks */,
				BBAB23C913894ECA00AA2426 /* system frameworks */,
			);
			name = frameworks;
			sourceTree = "<group>";
		};
		E4B69B4A0A3A1720003C02F2 = {
			isa = PBXGroup;
			children = (
				E4B6FCAD0C3E899E008CF71C /* openFrameworks-Info.plist */,
				E4EB6923138AFD0F00A09F29 /* Project.xcconfig */,
				E4B69E1C0A3A1BDC003C02F2 /* src */,
				E4EEC9E9138DF44700A80321 /* openFrameworks */,
				BB4B014C10F69532006C3DED /* addons */,
				E45BE5980E8CC70C009D7055 /* frameworks */,
				E4B69B5B0A3A1756003C02F2 /* TelescopioDebug.app */,
			);
			sourceTree = "<group>";
		};
		E4B69E1C0A3A1BDC003C02F2 /* src */ = {
			isa = PBXGroup;
			children = (
				E4B69E1D0A3A1BDC003C02F2 /* main.cpp */,
				E4B69E1E0A3A1BDC003C02F2 /* testApp.cpp */,
				E4B69E1F0A3A1BDC003C02F2 /* testApp.h */,
			);
			path = src;
			sourceTree = SOURCE_ROOT;
		};
		E4EEC9E9138DF44700A80321 /* openFrameworks */ = {
			isa = PBXGroup;
			children = (
				E4EB691F138AFCF100A09F29 /* CoreOF.xcconfig */,
				E4328143138ABC890047C5CB /* openFrameworksLib.xcodeproj */,
			);
			name = openFrameworks;
			sourceTree = "<group>";
		};
/* End PBXGroup section */

/* Begin PBXNativeTarget section */
		E4B69B5A0A3A1756003C02F2 /* Telescopio */ = {
			isa = PBXNativeTarget;
			buildConfigurationList = E4B69B5F0A3A1757003C02F2 /* Build configuration list for PBXNativeTarget "Telescopio" */;
			buildPhases = (
				E4B69B580A3A1756003C02F2 /* Sources */,
				E4B69B590A3A1756003C02F2 /* Frameworks */,
				E4B6FFFD0C3F9AB9008CF71C /* ShellScript */,
				E4C2427710CC5ABF004149E2 /* CopyFiles */,
			);
			buildRules = (
			);
			dependencies = (
				E4EEB9AC138B136A00A80321 /* PBXTargetDependency */,
			);
			name = Telescopio;
			productName = myOFApp;
			productReference = E4B69B5B0A3A1756003C02F2 /* TelescopioDebug.app */;
			productType = "com.apple.product-type.application";
		};
/* End PBXNativeTarget section */

/* Begin PBXProject section */
		E4B69B4C0A3A1720003C02F2 /* Project object */ = {
			isa = PBXProject;
			buildConfigurationList = E4B69B4D0A3A1720003C02F2 /* Build configuration list for PBXProject "Telescopio" */;
			compatibilityVersion = "Xcode 2.4";
			developmentRegion = English;
			hasScannedForEncodings = 0;
			knownRegions = (
				English,
				Japanese,
				French,
				German,
			);
			mainGroup = E4B69B4A0A3A1720003C02F2;
			productRefGroup = E4B69B4A0A3A1720003C02F2;
			projectDirPath = "";
			projectReferences = (
				{
					ProductGroup = E4328144138ABC890047C5CB /* Products */;
					ProjectRef = E4328143138ABC890047C5CB /* openFrameworksLib.xcodeproj */;
				},
			);
			projectRoot = "";
			targets = (
				E4B69B5A0A3A1756003C02F2 /* Telescopio */,
			);
		};
/* End PBXProject section */

/* Begin PBXReferenceProxy section */
		E4328148138ABC890047C5CB /* openFrameworksDebug.a */ = {
			isa = PBXReferenceProxy;
			fileType = archive.ar;
			path = openFrameworksDebug.a;
			remoteRef = E4328147138ABC890047C5CB /* PBXContainerItemProxy */;
			sourceTree = BUILT_PRODUCTS_DIR;
		};
/* End PBXReferenceProxy section */

/* Begin PBXShellScriptBuildPhase section */
		E4B6FFFD0C3F9AB9008CF71C /* ShellScript */ = {
			isa = PBXShellScriptBuildPhase;
			buildActionMask = 2147483647;
			files = (
			);
			inputPaths = (
			);
			outputPaths = (
			);
			runOnlyForDeploymentPostprocessing = 0;
			shellPath = /bin/sh;
			shellScript = "cp -f ../../../libs/fmodex/lib/osx/libfmodex.dylib \"$TARGET_BUILD_DIR/$PRODUCT_NAME.app/Contents/MacOS/libfmodex.dylib\"; install_name_tool -change ./libfmodex.dylib @executable_path/libfmodex.dylib \"$TARGET_BUILD_DIR/$PRODUCT_NAME.app/Contents/MacOS/$PRODUCT_NAME\";";
		};
/* End PBXShellScriptBuildPhase section */

/* Begin PBXSourcesBuildPhase section */
		E4B69B580A3A1756003C02F2 /* Sources */ = {
			isa = PBXSourcesBuildPhase;
			buildActionMask = 2147483647;
			files = (
				E4B69E200A3A1BDC003C02F2 /* main.cpp in Sources */,
				E4B69E210A3A1BDC003C02F2 /* testApp.cpp in Sources */,
				998776E31539F6E300F91ACC /* AudioHeader.cpp in Sources */,
				998776E41539F6E300F91ACC /* VideoHeader.cpp in Sources */,
				998776E51539F6E300F91ACC /* AudioBuffer.cpp in Sources */,
				998776E61539F6E300F91ACC /* Buffer.cpp in Sources */,
				998776E71539F6E300F91ACC /* VideoBuffer.cpp in Sources */,
				998776E81539F6E300F91ACC /* VideoFilter.cpp in Sources */,
				998776E91539F6E300F91ACC /* AudioFrame.cpp in Sources */,
				998776EA1539F6E300F91ACC /* Frame.cpp in Sources */,
				998776EB1539F6E300F91ACC /* VideoFrame.cpp in Sources */,
				998776EC1539F6E300F91ACC /* AudioGrabber.cpp in Sources */,
				998776ED1539F6E300F91ACC /* FileGrabber.cpp in Sources */,
				998776EE1539F6E300F91ACC /* VideoGrabber.cpp in Sources */,
				998776EF1539F6E300F91ACC /* ofxOscEventsReceiver.cpp in Sources */,
				998776F01539F6E300F91ACC /* OscInterface.cpp in Sources */,
				998776F11539F6E300F91ACC /* AudioSink.cpp in Sources */,
				998776F21539F6E300F91ACC /* AudioSource.cpp in Sources */,
				998776F31539F6E300F91ACC /* VideoSink.cpp in Sources */,
				998776F41539F6E300F91ACC /* VideoSource.cpp in Sources */,
				998776F51539F6E300F91ACC /* AudioRenderer.cpp in Sources */,
				998776F61539F6E300F91ACC /* BasicVideoRenderer.cpp in Sources */,
				998776F71539F6E300F91ACC /* VideoRenderer.cpp in Sources */,
				998776F81539F6E300F91ACC /* ofxObjCPointer.cpp in Sources */,
				B8FA67361520ECFB006D00D6 /* ofxOscBundle.cpp in Sources */,
				B8FA67371520ECFB006D00D6 /* ofxOscMessage.cpp in Sources */,
				B8FA67381520ECFB006D00D6 /* ofxOscReceiver.cpp in Sources */,
				B8FA67391520ECFB006D00D6 /* ofxOscSender.cpp in Sources */,
				B858903C1538E48B0086C26D /* ofxEasing.cpp in Sources */,
				B858903D1538E48B0086C26D /* ofxEasingBack.cpp in Sources */,
				B858903E1538E48B0086C26D /* ofxEasingBounce.cpp in Sources */,
				B858903F1538E48B0086C26D /* ofxEasingCirc.cpp in Sources */,
				B85890401538E48B0086C26D /* ofxEasingCubic.cpp in Sources */,
				B85890411538E48B0086C26D /* ofxEasingElastic.cpp in Sources */,
				B85890421538E48B0086C26D /* ofxEasingExpo.cpp in Sources */,
				B85890431538E48B0086C26D /* ofxEasingLinear.cpp in Sources */,
				B85890441538E48B0086C26D /* ofxEasingQuad.cpp in Sources */,
				B85890451538E48B0086C26D /* ofxEasingQuart.cpp in Sources */,
				B85890461538E48B0086C26D /* ofxEasingQuint.cpp in Sources */,
				B85890471538E48B0086C26D /* ofxEasingSine.cpp in Sources */,
				B85890481538E48B0086C26D /* ofxTween.cpp in Sources */,
			);
			runOnlyForDeploymentPostprocessing = 0;
		};
/* End PBXSourcesBuildPhase section */

/* Begin PBXTargetDependency section */
		E4EEB9AC138B136A00A80321 /* PBXTargetDependency */ = {
			isa = PBXTargetDependency;
			name = openFrameworks;
			targetProxy = E4EEB9AB138B136A00A80321 /* PBXContainerItemProxy */;
		};
/* End PBXTargetDependency section */

/* Begin XCBuildConfiguration section */
		E4B69B4E0A3A1720003C02F2 /* Debug */ = {
			isa = XCBuildConfiguration;
			baseConfigurationReference = E4EB6923138AFD0F00A09F29 /* Project.xcconfig */;
			buildSettings = {
				ARCHS = "$(NATIVE_ARCH)";
				CONFIGURATION_BUILD_DIR = "$(SRCROOT)/bin/";
				COPY_PHASE_STRIP = NO;
				DEAD_CODE_STRIPPING = YES;
				GCC_AUTO_VECTORIZATION = YES;
				GCC_ENABLE_SSE3_EXTENSIONS = YES;
				GCC_ENABLE_SUPPLEMENTAL_SSE3_INSTRUCTIONS = YES;
				GCC_INLINES_ARE_PRIVATE_EXTERN = NO;
				GCC_MODEL_TUNING = G5;
				GCC_SYMBOLS_PRIVATE_EXTERN = NO;
				GCC_WARN_ABOUT_DEPRECATED_FUNCTIONS = NO;
				GCC_WARN_ABOUT_INVALID_OFFSETOF_MACRO = NO;
				GCC_WARN_ALLOW_INCOMPLETE_PROTOCOL = NO;
				GCC_WARN_UNINITIALIZED_AUTOS = NO;
				GCC_WARN_UNUSED_VALUE = NO;
				GCC_WARN_UNUSED_VARIABLE = NO;
				HEADER_SEARCH_PATHS = (
					"$(OF_CORE_HEADERS)",
					"../../..//addons/ofxPlaymodes/libs",
					"../../..//addons/ofxPlaymodes/src",
					"../../..//addons/ofxPlaymodes/src/AVHeaders",
					"../../..//addons/ofxPlaymodes/src/buffers",
					"../../..//addons/ofxPlaymodes/src/filters",
					"../../..//addons/ofxPlaymodes/src/frames",
					"../../..//addons/ofxPlaymodes/src/frames/envelopes",
					"../../..//addons/ofxPlaymodes/src/grabbers",
					"../../..//addons/ofxPlaymodes/src/ofxOscEvents",
					"../../..//addons/ofxPlaymodes/src/oscControl",
					"../../..//addons/ofxPlaymodes/src/pipeline",
					"../../..//addons/ofxPlaymodes/src/pipeline/audio",
					"../../..//addons/ofxPlaymodes/src/pipeline/video",
					"../../..//addons/ofxPlaymodes/src/renderers",
					"../../..//addons/ofxPlaymodes/src/utils",
				);
				OTHER_CPLUSPLUSFLAGS = (
					"-D__MACOSX_CORE__",
					"-lpthread",
				);
			};
			name = Debug;
		};
		E4B69B4F0A3A1720003C02F2 /* Release */ = {
			isa = XCBuildConfiguration;
			baseConfigurationReference = E4EB6923138AFD0F00A09F29 /* Project.xcconfig */;
			buildSettings = {
				ARCHS = "$(NATIVE_ARCH)";
				CONFIGURATION_BUILD_DIR = "$(SRCROOT)/bin/";
				COPY_PHASE_STRIP = YES;
				DEAD_CODE_STRIPPING = YES;
				GCC_AUTO_VECTORIZATION = YES;
				GCC_ENABLE_SSE3_EXTENSIONS = YES;
				GCC_ENABLE_SUPPLEMENTAL_SSE3_INSTRUCTIONS = YES;
				GCC_INLINES_ARE_PRIVATE_EXTERN = NO;
				GCC_MODEL_TUNING = G5;
				GCC_OPTIMIZATION_LEVEL = 3;
				GCC_SYMBOLS_PRIVATE_EXTERN = NO;
				GCC_UNROLL_LOOPS = YES;
				GCC_WARN_ABOUT_DEPRECATED_FUNCTIONS = NO;
				GCC_WARN_ABOUT_INVALID_OFFSETOF_MACRO = NO;
				GCC_WARN_ALLOW_INCOMPLETE_PROTOCOL = NO;
				GCC_WARN_UNINITIALIZED_AUTOS = NO;
				GCC_WARN_UNUSED_VALUE = NO;
				GCC_WARN_UNUSED_VARIABLE = NO;
				HEADER_SEARCH_PATHS = (
					"$(OF_CORE_HEADERS)",
					"../../..//addons/ofxPlaymodes/libs",
					"../../..//addons/ofxPlaymodes/src",
					"../../..//addons/ofxPlaymodes/src/AVHeaders",
					"../../..//addons/ofxPlaymodes/src/buffers",
					"../../..//addons/ofxPlaymodes/src/filters",
					"../../..//addons/ofxPlaymodes/src/frames",
					"../../..//addons/ofxPlaymodes/src/frames/envelopes",
					"../../..//addons/ofxPlaymodes/src/grabbers",
					"../../..//addons/ofxPlaymodes/src/ofxOscEvents",
					"../../..//addons/ofxPlaymodes/src/oscControl",
					"../../..//addons/ofxPlaymodes/src/pipeline",
					"../../..//addons/ofxPlaymodes/src/pipeline/audio",
					"../../..//addons/ofxPlaymodes/src/pipeline/video",
					"../../..//addons/ofxPlaymodes/src/renderers",
					"../../..//addons/ofxPlaymodes/src/utils",
				);
				OTHER_CPLUSPLUSFLAGS = (
					"-D__MACOSX_CORE__",
					"-lpthread",
				);
			};
			name = Release;
		};
		E4B69B600A3A1757003C02F2 /* Debug */ = {
			isa = XCBuildConfiguration;
			buildSettings = {
				COPY_PHASE_STRIP = NO;
				FRAMEWORK_SEARCH_PATHS = (
					"$(inherited)",
					"$(FRAMEWORK_SEARCH_PATHS_QUOTED_FOR_TARGET_1)",
				);
				FRAMEWORK_SEARCH_PATHS_QUOTED_FOR_TARGET_1 = "\"$(SRCROOT)/../../../libs/glut/lib/osx\"";
				GCC_DYNAMIC_NO_PIC = NO;
				GCC_ENABLE_FIX_AND_CONTINUE = YES;
				GCC_GENERATE_DEBUGGING_SYMBOLS = YES;
				GCC_MODEL_TUNING = G4;
				GCC_PRECOMPILE_PREFIX_HEADER = YES;
				GCC_PREFIX_HEADER = "$(SYSTEM_LIBRARY_DIR)/Frameworks/Carbon.framework/Headers/Carbon.h";
				INFOPLIST_FILE = "openFrameworks-Info.plist";
				INSTALL_PATH = "$(HOME)/Applications";
				LIBRARY_SEARCH_PATHS = (
					"$(inherited)",
					"$(LIBRARY_SEARCH_PATHS_QUOTED_FOR_TARGET_1)",
					"$(LIBRARY_SEARCH_PATHS_QUOTED_FOR_TARGET_2)",
					"$(LIBRARY_SEARCH_PATHS_QUOTED_FOR_TARGET_3)",
					"$(LIBRARY_SEARCH_PATHS_QUOTED_FOR_TARGET_4)",
					"$(LIBRARY_SEARCH_PATHS_QUOTED_FOR_TARGET_5)",
					"$(LIBRARY_SEARCH_PATHS_QUOTED_FOR_TARGET_6)",
					"$(LIBRARY_SEARCH_PATHS_QUOTED_FOR_TARGET_7)",
					"$(LIBRARY_SEARCH_PATHS_QUOTED_FOR_TARGET_8)",
					"$(LIBRARY_SEARCH_PATHS_QUOTED_FOR_TARGET_9)",
					"$(LIBRARY_SEARCH_PATHS_QUOTED_FOR_TARGET_10)",
					"$(LIBRARY_SEARCH_PATHS_QUOTED_FOR_TARGET_11)",
					"$(LIBRARY_SEARCH_PATHS_QUOTED_FOR_TARGET_12)",
					"$(LIBRARY_SEARCH_PATHS_QUOTED_FOR_TARGET_13)",
					"$(LIBRARY_SEARCH_PATHS_QUOTED_FOR_TARGET_14)",
					"$(LIBRARY_SEARCH_PATHS_QUOTED_FOR_TARGET_15)",
					"$(LIBRARY_SEARCH_PATHS_QUOTED_FOR_TARGET_2)",
					"$(LIBRARY_SEARCH_PATHS_QUOTED_FOR_TARGET_3)",
					"$(LIBRARY_SEARCH_PATHS_QUOTED_FOR_TARGET_7)",
					"$(LIBRARY_SEARCH_PATHS_QUOTED_FOR_TARGET_8)",
					"$(LIBRARY_SEARCH_PATHS_QUOTED_FOR_TARGET_9)",
					"$(LIBRARY_SEARCH_PATHS_QUOTED_FOR_TARGET_10)",
					"$(LIBRARY_SEARCH_PATHS_QUOTED_FOR_TARGET_11)",
					"$(LIBRARY_SEARCH_PATHS_QUOTED_FOR_TARGET_12)",
					"$(LIBRARY_SEARCH_PATHS_QUOTED_FOR_TARGET_13)",
					"$(LIBRARY_SEARCH_PATHS_QUOTED_FOR_TARGET_16)",
					"$(LIBRARY_SEARCH_PATHS_QUOTED_FOR_TARGET_17)",
					"$(LIBRARY_SEARCH_PATHS_QUOTED_FOR_TARGET_18)",
					"$(LIBRARY_SEARCH_PATHS_QUOTED_FOR_TARGET_19)",
					"$(LIBRARY_SEARCH_PATHS_QUOTED_FOR_TARGET_20)",
					"$(LIBRARY_SEARCH_PATHS_QUOTED_FOR_TARGET_21)",
					"$(LIBRARY_SEARCH_PATHS_QUOTED_FOR_TARGET_22)",
					"$(LIBRARY_SEARCH_PATHS_QUOTED_FOR_TARGET_23)",
					"$(LIBRARY_SEARCH_PATHS_QUOTED_FOR_TARGET_24)",
					"$(LIBRARY_SEARCH_PATHS_QUOTED_FOR_TARGET_25)",
					"$(LIBRARY_SEARCH_PATHS_QUOTED_FOR_TARGET_26)",
					"$(LIBRARY_SEARCH_PATHS_QUOTED_FOR_TARGET_27)",
					"$(LIBRARY_SEARCH_PATHS_QUOTED_FOR_TARGET_28)",
					"$(LIBRARY_SEARCH_PATHS_QUOTED_FOR_TARGET_29)",
					"$(LIBRARY_SEARCH_PATHS_QUOTED_FOR_TARGET_30)",
					"$(LIBRARY_SEARCH_PATHS_QUOTED_FOR_TARGET_31)",
					"$(LIBRARY_SEARCH_PATHS_QUOTED_FOR_TARGET_32)",
					"$(LIBRARY_SEARCH_PATHS_QUOTED_FOR_TARGET_33)",
					"$(LIBRARY_SEARCH_PATHS_QUOTED_FOR_TARGET_34)",
					"$(LIBRARY_SEARCH_PATHS_QUOTED_FOR_TARGET_35)",
					"$(LIBRARY_SEARCH_PATHS_QUOTED_FOR_TARGET_36)",
					"$(LIBRARY_SEARCH_PATHS_QUOTED_FOR_TARGET_37)",
					"$(LIBRARY_SEARCH_PATHS_QUOTED_FOR_TARGET_38)",
					"$(LIBRARY_SEARCH_PATHS_QUOTED_FOR_TARGET_39)",
					"$(LIBRARY_SEARCH_PATHS_QUOTED_FOR_TARGET_40)",
					"$(LIBRARY_SEARCH_PATHS_QUOTED_FOR_TARGET_41)",
					"$(LIBRARY_SEARCH_PATHS_QUOTED_FOR_TARGET_42)",
					"$(LIBRARY_SEARCH_PATHS_QUOTED_FOR_TARGET_43)",
					"$(LIBRARY_SEARCH_PATHS_QUOTED_FOR_TARGET_44)",
					"$(LIBRARY_SEARCH_PATHS_QUOTED_FOR_TARGET_45)",
					"$(LIBRARY_SEARCH_PATHS_QUOTED_FOR_TARGET_46)",
					"$(LIBRARY_SEARCH_PATHS_QUOTED_FOR_TARGET_47)",
					"$(LIBRARY_SEARCH_PATHS_QUOTED_FOR_TARGET_48)",
					"$(LIBRARY_SEARCH_PATHS_QUOTED_FOR_TARGET_49)",
					"$(LIBRARY_SEARCH_PATHS_QUOTED_FOR_TARGET_50)",
					"$(LIBRARY_SEARCH_PATHS_QUOTED_FOR_TARGET_51)",
					"$(LIBRARY_SEARCH_PATHS_QUOTED_FOR_TARGET_52)",
					"$(LIBRARY_SEARCH_PATHS_QUOTED_FOR_TARGET_1)",
					"$(LIBRARY_SEARCH_PATHS_QUOTED_FOR_TARGET_2)",
					"$(LIBRARY_SEARCH_PATHS_QUOTED_FOR_TARGET_3)",
					"$(LIBRARY_SEARCH_PATHS_QUOTED_FOR_TARGET_4)",
					"$(LIBRARY_SEARCH_PATHS_QUOTED_FOR_TARGET_5)",
					"$(LIBRARY_SEARCH_PATHS_QUOTED_FOR_TARGET_6)",
					"$(LIBRARY_SEARCH_PATHS_QUOTED_FOR_TARGET_7)",
					"$(LIBRARY_SEARCH_PATHS_QUOTED_FOR_TARGET_8)",
				);
				LIBRARY_SEARCH_PATHS_QUOTED_FOR_TARGET_1 = "\"$(SRCROOT)/../../../addons/ofxOsc/libs/oscpack/lib/android/arm7\"";
				LIBRARY_SEARCH_PATHS_QUOTED_FOR_TARGET_2 = "\"$(SRCROOT)/../../../addons/ofxOsc/libs/oscpack/lib/android\"";
				LIBRARY_SEARCH_PATHS_QUOTED_FOR_TARGET_3 = "\"$(SRCROOT)/../../../addons/ofxOsc/libs/oscpack/lib/iphone\"";
				LIBRARY_SEARCH_PATHS_QUOTED_FOR_TARGET_4 = "\"$(SRCROOT)/../../../addons/ofxOsc/libs/oscpack/lib/linux\"";
				LIBRARY_SEARCH_PATHS_QUOTED_FOR_TARGET_5 = "\"$(SRCROOT)/../../../addons/ofxOsc/libs/oscpack/lib/linux64\"";
				LIBRARY_SEARCH_PATHS_QUOTED_FOR_TARGET_6 = "\"$(SRCROOT)/../../../addons/ofxOsc/libs/oscpack/lib/osx\"";
				LIBRARY_SEARCH_PATHS_QUOTED_FOR_TARGET_7 = "\"$(SRCROOT)/../../../addons/ofxOsc/libs/oscpack/lib/vs2010\"";
				LIBRARY_SEARCH_PATHS_QUOTED_FOR_TARGET_8 = "\"$(SRCROOT)/../../../addons/ofxOsc/libs/oscpack/lib/win_cb\"";
				PREBINDING = NO;
				PRODUCT_NAME = "$(TARGET_NAME)Debug";
				WRAPPER_EXTENSION = app;
			};
			name = Debug;
		};
		E4B69B610A3A1757003C02F2 /* Release */ = {
			isa = XCBuildConfiguration;
			buildSettings = {
				COPY_PHASE_STRIP = YES;
				FRAMEWORK_SEARCH_PATHS = (
					"$(inherited)",
					"$(FRAMEWORK_SEARCH_PATHS_QUOTED_FOR_TARGET_1)",
				);
				FRAMEWORK_SEARCH_PATHS_QUOTED_FOR_TARGET_1 = "\"$(SRCROOT)/../../../libs/glut/lib/osx\"";
				GCC_ENABLE_FIX_AND_CONTINUE = NO;
				GCC_GENERATE_DEBUGGING_SYMBOLS = NO;
				GCC_MODEL_TUNING = G4;
				GCC_PRECOMPILE_PREFIX_HEADER = YES;
				GCC_PREFIX_HEADER = "$(SYSTEM_LIBRARY_DIR)/Frameworks/Carbon.framework/Headers/Carbon.h";
				INFOPLIST_FILE = "openFrameworks-Info.plist";
				INSTALL_PATH = "$(HOME)/Applications";
				LIBRARY_SEARCH_PATHS = (
					"$(inherited)",
					"$(LIBRARY_SEARCH_PATHS_QUOTED_FOR_TARGET_1)",
					"$(LIBRARY_SEARCH_PATHS_QUOTED_FOR_TARGET_2)",
					"$(LIBRARY_SEARCH_PATHS_QUOTED_FOR_TARGET_3)",
					"$(LIBRARY_SEARCH_PATHS_QUOTED_FOR_TARGET_4)",
					"$(LIBRARY_SEARCH_PATHS_QUOTED_FOR_TARGET_5)",
					"$(LIBRARY_SEARCH_PATHS_QUOTED_FOR_TARGET_6)",
					"$(LIBRARY_SEARCH_PATHS_QUOTED_FOR_TARGET_7)",
					"$(LIBRARY_SEARCH_PATHS_QUOTED_FOR_TARGET_8)",
					"$(LIBRARY_SEARCH_PATHS_QUOTED_FOR_TARGET_9)",
					"$(LIBRARY_SEARCH_PATHS_QUOTED_FOR_TARGET_10)",
					"$(LIBRARY_SEARCH_PATHS_QUOTED_FOR_TARGET_11)",
					"$(LIBRARY_SEARCH_PATHS_QUOTED_FOR_TARGET_12)",
					"$(LIBRARY_SEARCH_PATHS_QUOTED_FOR_TARGET_13)",
					"$(LIBRARY_SEARCH_PATHS_QUOTED_FOR_TARGET_14)",
					"$(LIBRARY_SEARCH_PATHS_QUOTED_FOR_TARGET_15)",
					"$(LIBRARY_SEARCH_PATHS_QUOTED_FOR_TARGET_2)",
					"$(LIBRARY_SEARCH_PATHS_QUOTED_1)",
					"$(LIBRARY_SEARCH_PATHS_QUOTED_FOR_TARGET_3)",
					"$(LIBRARY_SEARCH_PATHS_QUOTED_FOR_TARGET_7)",
					"$(LIBRARY_SEARCH_PATHS_QUOTED_FOR_TARGET_8)",
					"$(LIBRARY_SEARCH_PATHS_QUOTED_FOR_TARGET_9)",
					"$(LIBRARY_SEARCH_PATHS_QUOTED_FOR_TARGET_10)",
					"$(LIBRARY_SEARCH_PATHS_QUOTED_FOR_TARGET_11)",
					"$(LIBRARY_SEARCH_PATHS_QUOTED_FOR_TARGET_12)",
					"$(LIBRARY_SEARCH_PATHS_QUOTED_FOR_TARGET_13)",
					"$(LIBRARY_SEARCH_PATHS_QUOTED_FOR_TARGET_16)",
					"$(LIBRARY_SEARCH_PATHS_QUOTED_FOR_TARGET_17)",
					"$(LIBRARY_SEARCH_PATHS_QUOTED_FOR_TARGET_18)",
					"$(LIBRARY_SEARCH_PATHS_QUOTED_FOR_TARGET_19)",
					"$(LIBRARY_SEARCH_PATHS_QUOTED_FOR_TARGET_20)",
					"$(LIBRARY_SEARCH_PATHS_QUOTED_FOR_TARGET_21)",
					"$(LIBRARY_SEARCH_PATHS_QUOTED_FOR_TARGET_22)",
					"$(LIBRARY_SEARCH_PATHS_QUOTED_FOR_TARGET_23)",
					"$(LIBRARY_SEARCH_PATHS_QUOTED_FOR_TARGET_24)",
					"$(LIBRARY_SEARCH_PATHS_QUOTED_FOR_TARGET_25)",
					"$(LIBRARY_SEARCH_PATHS_QUOTED_FOR_TARGET_26)",
					"$(LIBRARY_SEARCH_PATHS_QUOTED_FOR_TARGET_27)",
					"$(LIBRARY_SEARCH_PATHS_QUOTED_FOR_TARGET_28)",
					"$(LIBRARY_SEARCH_PATHS_QUOTED_FOR_TARGET_29)",
					"$(LIBRARY_SEARCH_PATHS_QUOTED_FOR_TARGET_30)",
					"$(LIBRARY_SEARCH_PATHS_QUOTED_FOR_TARGET_31)",
					"$(LIBRARY_SEARCH_PATHS_QUOTED_FOR_TARGET_32)",
					"$(LIBRARY_SEARCH_PATHS_QUOTED_FOR_TARGET_33)",
					"$(LIBRARY_SEARCH_PATHS_QUOTED_FOR_TARGET_34)",
					"$(LIBRARY_SEARCH_PATHS_QUOTED_FOR_TARGET_35)",
					"$(LIBRARY_SEARCH_PATHS_QUOTED_FOR_TARGET_36)",
					"$(LIBRARY_SEARCH_PATHS_QUOTED_FOR_TARGET_37)",
					"$(LIBRARY_SEARCH_PATHS_QUOTED_FOR_TARGET_38)",
					"$(LIBRARY_SEARCH_PATHS_QUOTED_FOR_TARGET_39)",
					"$(LIBRARY_SEARCH_PATHS_QUOTED_FOR_TARGET_40)",
					"$(LIBRARY_SEARCH_PATHS_QUOTED_FOR_TARGET_41)",
					"$(LIBRARY_SEARCH_PATHS_QUOTED_FOR_TARGET_42)",
					"$(LIBRARY_SEARCH_PATHS_QUOTED_FOR_TARGET_43)",
					"$(LIBRARY_SEARCH_PATHS_QUOTED_FOR_TARGET_44)",
					"$(LIBRARY_SEARCH_PATHS_QUOTED_FOR_TARGET_45)",
					"$(LIBRARY_SEARCH_PATHS_QUOTED_FOR_TARGET_46)",
					"$(LIBRARY_SEARCH_PATHS_QUOTED_FOR_TARGET_47)",
					"$(LIBRARY_SEARCH_PATHS_QUOTED_FOR_TARGET_48)",
					"$(LIBRARY_SEARCH_PATHS_QUOTED_FOR_TARGET_49)",
					"$(LIBRARY_SEARCH_PATHS_QUOTED_FOR_TARGET_50)",
					"$(LIBRARY_SEARCH_PATHS_QUOTED_FOR_TARGET_51)",
					"$(LIBRARY_SEARCH_PATHS_QUOTED_FOR_TARGET_1)",
					"$(LIBRARY_SEARCH_PATHS_QUOTED_FOR_TARGET_2)",
					"$(LIBRARY_SEARCH_PATHS_QUOTED_FOR_TARGET_3)",
					"$(LIBRARY_SEARCH_PATHS_QUOTED_FOR_TARGET_4)",
					"$(LIBRARY_SEARCH_PATHS_QUOTED_FOR_TARGET_5)",
					"$(LIBRARY_SEARCH_PATHS_QUOTED_FOR_TARGET_6)",
					"$(LIBRARY_SEARCH_PATHS_QUOTED_FOR_TARGET_7)",
					"$(LIBRARY_SEARCH_PATHS_QUOTED_FOR_TARGET_8)",
				);
				LIBRARY_SEARCH_PATHS_QUOTED_FOR_TARGET_1 = "\"$(SRCROOT)/../../../addons/ofxOsc/libs/oscpack/lib/android/arm7\"";
				LIBRARY_SEARCH_PATHS_QUOTED_FOR_TARGET_2 = "\"$(SRCROOT)/../../../addons/ofxOsc/libs/oscpack/lib/android\"";
				LIBRARY_SEARCH_PATHS_QUOTED_FOR_TARGET_3 = "\"$(SRCROOT)/../../../addons/ofxOsc/libs/oscpack/lib/iphone\"";
				LIBRARY_SEARCH_PATHS_QUOTED_FOR_TARGET_4 = "\"$(SRCROOT)/../../../addons/ofxOsc/libs/oscpack/lib/linux\"";
				LIBRARY_SEARCH_PATHS_QUOTED_FOR_TARGET_5 = "\"$(SRCROOT)/../../../addons/ofxOsc/libs/oscpack/lib/linux64\"";
				LIBRARY_SEARCH_PATHS_QUOTED_FOR_TARGET_6 = "\"$(SRCROOT)/../../../addons/ofxOsc/libs/oscpack/lib/osx\"";
				LIBRARY_SEARCH_PATHS_QUOTED_FOR_TARGET_7 = "\"$(SRCROOT)/../../../addons/ofxOsc/libs/oscpack/lib/vs2010\"";
				LIBRARY_SEARCH_PATHS_QUOTED_FOR_TARGET_8 = "\"$(SRCROOT)/../../../addons/ofxOsc/libs/oscpack/lib/win_cb\"";
				PREBINDING = NO;
				PRODUCT_NAME = "$(TARGET_NAME)";
				WRAPPER_EXTENSION = app;
			};
			name = Release;
		};
/* End XCBuildConfiguration section */

/* Begin XCConfigurationList section */
		E4B69B4D0A3A1720003C02F2 /* Build configuration list for PBXProject "Telescopio" */ = {
			isa = XCConfigurationList;
			buildConfigurations = (
				E4B69B4E0A3A1720003C02F2 /* Debug */,
				E4B69B4F0A3A1720003C02F2 /* Release */,
			);
			defaultConfigurationIsVisible = 0;
			defaultConfigurationName = Release;
		};
		E4B69B5F0A3A1757003C02F2 /* Build configuration list for PBXNativeTarget "Telescopio" */ = {
			isa = XCConfigurationList;
			buildConfigurations = (
				E4B69B600A3A1757003C02F2 /* Debug */,
				E4B69B610A3A1757003C02F2 /* Release */,
			);
			defaultConfigurationIsVisible = 0;
			defaultConfigurationName = Release;
		};
/* End XCConfigurationList section */
	};
	rootObject = E4B69B4C0A3A1720003C02F2 /* Project object */;
}
